// !$*UTF8*$!
{
	archiveVersion = 1;
	classes = {
	};
	objectVersion = 50;
	objects = {

/* Begin PBXBuildFile section */
		60B17CF2228D773B005D3A80 /* TlObject.h in Headers */ = {isa = PBXBuildFile; fileRef = 60B17CE9228D773B005D3A80 /* TlObject.h */; settings = {ATTRIBUTES = (Public, ); }; };
		60B17CF3228D773B005D3A80 /* tdjson_export.h in Headers */ = {isa = PBXBuildFile; fileRef = 60B17CEB228D773B005D3A80 /* tdjson_export.h */; settings = {ATTRIBUTES = (Public, ); }; };
		60B17CF4228D773B005D3A80 /* td_json_client.h in Headers */ = {isa = PBXBuildFile; fileRef = 60B17CEC228D773B005D3A80 /* td_json_client.h */; settings = {ATTRIBUTES = (Public, ); }; };
		60B17CF5228D773B005D3A80 /* Client.h in Headers */ = {isa = PBXBuildFile; fileRef = 60B17CED228D773B005D3A80 /* Client.h */; settings = {ATTRIBUTES = (Public, ); }; };
		60B17CF6228D773B005D3A80 /* td_api.h in Headers */ = {isa = PBXBuildFile; fileRef = 60B17CEE228D773B005D3A80 /* td_api.h */; settings = {ATTRIBUTES = (Public, ); }; };
		60B17CF7228D773B005D3A80 /* td_log.h in Headers */ = {isa = PBXBuildFile; fileRef = 60B17CEF228D773B005D3A80 /* td_log.h */; settings = {ATTRIBUTES = (Public, ); }; };
		60B17CF8228D773B005D3A80 /* td_api.hpp in Headers */ = {isa = PBXBuildFile; fileRef = 60B17CF0228D773B005D3A80 /* td_api.hpp */; settings = {ATTRIBUTES = (Public, ); }; };
		60B17CF9228D773B005D3A80 /* Log.h in Headers */ = {isa = PBXBuildFile; fileRef = 60B17CF1228D773B005D3A80 /* Log.h */; settings = {ATTRIBUTES = (Public, ); }; };
		60B17D0D228D7F93005D3A80 /* tdjson.h in Headers */ = {isa = PBXBuildFile; fileRef = 60DFF5ED228CE937000F3BCE /* tdjson.h */; settings = {ATTRIBUTES = (Public, ); }; };
		60B17D0E228D7F99005D3A80 /* TlObject.h in Headers */ = {isa = PBXBuildFile; fileRef = 60B17CE9228D773B005D3A80 /* TlObject.h */; settings = {ATTRIBUTES = (Public, ); }; };
		60B17D29228D8027005D3A80 /* tdjson.h in Headers */ = {isa = PBXBuildFile; fileRef = 60DFF5ED228CE937000F3BCE /* tdjson.h */; settings = {ATTRIBUTES = (Public, ); }; };
		60B17D2A228D8027005D3A80 /* tdjson.h in Headers */ = {isa = PBXBuildFile; fileRef = 60DFF5ED228CE937000F3BCE /* tdjson.h */; settings = {ATTRIBUTES = (Public, ); }; };
		60B17D2B228D802C005D3A80 /* TlObject.h in Headers */ = {isa = PBXBuildFile; fileRef = 60B17CE9228D773B005D3A80 /* TlObject.h */; settings = {ATTRIBUTES = (Public, ); }; };
		60B17D2C228D802D005D3A80 /* TlObject.h in Headers */ = {isa = PBXBuildFile; fileRef = 60B17CE9228D773B005D3A80 /* TlObject.h */; settings = {ATTRIBUTES = (Public, ); }; };
		60B17D2D228D8031005D3A80 /* tdjson_export.h in Headers */ = {isa = PBXBuildFile; fileRef = 60B17CEB228D773B005D3A80 /* tdjson_export.h */; settings = {ATTRIBUTES = (Public, ); }; };
		60B17D2E228D8032005D3A80 /* tdjson_export.h in Headers */ = {isa = PBXBuildFile; fileRef = 60B17CEB228D773B005D3A80 /* tdjson_export.h */; settings = {ATTRIBUTES = (Public, ); }; };
		60B17D2F228D8032005D3A80 /* tdjson_export.h in Headers */ = {isa = PBXBuildFile; fileRef = 60B17CEB228D773B005D3A80 /* tdjson_export.h */; settings = {ATTRIBUTES = (Public, ); }; };
		60B17D30228D8038005D3A80 /* td_json_client.h in Headers */ = {isa = PBXBuildFile; fileRef = 60B17CEC228D773B005D3A80 /* td_json_client.h */; settings = {ATTRIBUTES = (Public, ); }; };
		60B17D31228D8038005D3A80 /* td_json_client.h in Headers */ = {isa = PBXBuildFile; fileRef = 60B17CEC228D773B005D3A80 /* td_json_client.h */; settings = {ATTRIBUTES = (Public, ); }; };
		60B17D32228D8039005D3A80 /* td_json_client.h in Headers */ = {isa = PBXBuildFile; fileRef = 60B17CEC228D773B005D3A80 /* td_json_client.h */; settings = {ATTRIBUTES = (Public, ); }; };
		60B17D33228D803E005D3A80 /* Client.h in Headers */ = {isa = PBXBuildFile; fileRef = 60B17CED228D773B005D3A80 /* Client.h */; settings = {ATTRIBUTES = (Public, ); }; };
		60B17D34228D803F005D3A80 /* Client.h in Headers */ = {isa = PBXBuildFile; fileRef = 60B17CED228D773B005D3A80 /* Client.h */; settings = {ATTRIBUTES = (Public, ); }; };
		60B17D35228D803F005D3A80 /* Client.h in Headers */ = {isa = PBXBuildFile; fileRef = 60B17CED228D773B005D3A80 /* Client.h */; settings = {ATTRIBUTES = (Public, ); }; };
		60B17D36228D8044005D3A80 /* td_api.h in Headers */ = {isa = PBXBuildFile; fileRef = 60B17CEE228D773B005D3A80 /* td_api.h */; settings = {ATTRIBUTES = (Public, ); }; };
		60B17D37228D8044005D3A80 /* td_api.h in Headers */ = {isa = PBXBuildFile; fileRef = 60B17CEE228D773B005D3A80 /* td_api.h */; settings = {ATTRIBUTES = (Public, ); }; };
		60B17D38228D8045005D3A80 /* td_api.h in Headers */ = {isa = PBXBuildFile; fileRef = 60B17CEE228D773B005D3A80 /* td_api.h */; settings = {ATTRIBUTES = (Public, ); }; };
		60B17D39228D804A005D3A80 /* td_log.h in Headers */ = {isa = PBXBuildFile; fileRef = 60B17CEF228D773B005D3A80 /* td_log.h */; settings = {ATTRIBUTES = (Public, ); }; };
		60B17D3A228D804A005D3A80 /* td_log.h in Headers */ = {isa = PBXBuildFile; fileRef = 60B17CEF228D773B005D3A80 /* td_log.h */; settings = {ATTRIBUTES = (Public, ); }; };
		60B17D3B228D804A005D3A80 /* td_log.h in Headers */ = {isa = PBXBuildFile; fileRef = 60B17CEF228D773B005D3A80 /* td_log.h */; settings = {ATTRIBUTES = (Public, ); }; };
		60B17D3C228D8054005D3A80 /* td_api.hpp in Headers */ = {isa = PBXBuildFile; fileRef = 60B17CF0228D773B005D3A80 /* td_api.hpp */; settings = {ATTRIBUTES = (Public, ); }; };
		60B17D3D228D8055005D3A80 /* td_api.hpp in Headers */ = {isa = PBXBuildFile; fileRef = 60B17CF0228D773B005D3A80 /* td_api.hpp */; settings = {ATTRIBUTES = (Public, ); }; };
		60B17D3E228D8055005D3A80 /* td_api.hpp in Headers */ = {isa = PBXBuildFile; fileRef = 60B17CF0228D773B005D3A80 /* td_api.hpp */; settings = {ATTRIBUTES = (Public, ); }; };
		60B17D3F228D805D005D3A80 /* Log.h in Headers */ = {isa = PBXBuildFile; fileRef = 60B17CF1228D773B005D3A80 /* Log.h */; settings = {ATTRIBUTES = (Public, ); }; };
		60B17D40228D805D005D3A80 /* Log.h in Headers */ = {isa = PBXBuildFile; fileRef = 60B17CF1228D773B005D3A80 /* Log.h */; settings = {ATTRIBUTES = (Public, ); }; };
		60B17D41228D805D005D3A80 /* Log.h in Headers */ = {isa = PBXBuildFile; fileRef = 60B17CF1228D773B005D3A80 /* Log.h */; settings = {ATTRIBUTES = (Public, ); }; };
		60B17D49228D8999005D3A80 /* File.swift in Sources */ = {isa = PBXBuildFile; fileRef = 60B17D48228D8999005D3A80 /* File.swift */; };
		60DFF5EF228CE937000F3BCE /* tdjson.h in Headers */ = {isa = PBXBuildFile; fileRef = 60DFF5ED228CE937000F3BCE /* tdjson.h */; settings = {ATTRIBUTES = (Public, ); }; };
/* End PBXBuildFile section */

/* Begin PBXCopyFilesBuildPhase section */
		60DFF620228CEAE8000F3BCE /* CopyFiles */ = {
			isa = PBXCopyFilesBuildPhase;
			buildActionMask = 2147483647;
			dstPath = "";
			dstSubfolderSpec = 10;
			files = (
			);
			runOnlyForDeploymentPostprocessing = 0;
		};
/* End PBXCopyFilesBuildPhase section */

/* Begin PBXFileReference section */
		60B17CE9228D773B005D3A80 /* TlObject.h */ = {isa = PBXFileReference; fileEncoding = 4; lastKnownFileType = sourcecode.c.h; path = TlObject.h; sourceTree = "<group>"; };
		60B17CEB228D773B005D3A80 /* tdjson_export.h */ = {isa = PBXFileReference; fileEncoding = 4; lastKnownFileType = sourcecode.c.h; path = tdjson_export.h; sourceTree = "<group>"; };
		60B17CEC228D773B005D3A80 /* td_json_client.h */ = {isa = PBXFileReference; fileEncoding = 4; lastKnownFileType = sourcecode.c.h; path = td_json_client.h; sourceTree = "<group>"; };
		60B17CED228D773B005D3A80 /* Client.h */ = {isa = PBXFileReference; fileEncoding = 4; lastKnownFileType = sourcecode.c.h; path = Client.h; sourceTree = "<group>"; };
		60B17CEE228D773B005D3A80 /* td_api.h */ = {isa = PBXFileReference; fileEncoding = 4; lastKnownFileType = sourcecode.c.h; path = td_api.h; sourceTree = "<group>"; };
		60B17CEF228D773B005D3A80 /* td_log.h */ = {isa = PBXFileReference; fileEncoding = 4; lastKnownFileType = sourcecode.c.h; path = td_log.h; sourceTree = "<group>"; };
		60B17CF0228D773B005D3A80 /* td_api.hpp */ = {isa = PBXFileReference; fileEncoding = 4; lastKnownFileType = sourcecode.cpp.h; path = td_api.hpp; sourceTree = "<group>"; };
		60B17CF1228D773B005D3A80 /* Log.h */ = {isa = PBXFileReference; fileEncoding = 4; lastKnownFileType = sourcecode.c.h; path = Log.h; sourceTree = "<group>"; };
		60B17D05228D7F82005D3A80 /* tdjson_watchOS.framework */ = {isa = PBXFileReference; explicitFileType = wrapper.framework; includeInIndex = 0; path = tdjson_watchOS.framework; sourceTree = BUILT_PRODUCTS_DIR; };
		60B17D08228D7F82005D3A80 /* Info.plist */ = {isa = PBXFileReference; lastKnownFileType = text.plist.xml; path = Info.plist; sourceTree = "<group>"; };
		60B17D14228D7FBF005D3A80 /* tdjson_tvOS.framework */ = {isa = PBXFileReference; explicitFileType = wrapper.framework; includeInIndex = 0; path = tdjson_tvOS.framework; sourceTree = BUILT_PRODUCTS_DIR; };
		60B17D17228D7FBF005D3A80 /* Info.plist */ = {isa = PBXFileReference; lastKnownFileType = text.plist.xml; path = Info.plist; sourceTree = "<group>"; };
		60B17D21228D7FDF005D3A80 /* tdjson_macOS.framework */ = {isa = PBXFileReference; explicitFileType = wrapper.framework; includeInIndex = 0; path = tdjson_macOS.framework; sourceTree = BUILT_PRODUCTS_DIR; };
		60B17D24228D7FE0005D3A80 /* Info.plist */ = {isa = PBXFileReference; lastKnownFileType = text.plist.xml; path = Info.plist; sourceTree = "<group>"; };
		60B17D48228D8999005D3A80 /* File.swift */ = {isa = PBXFileReference; lastKnownFileType = sourcecode.swift; path = File.swift; sourceTree = "<group>"; };
		60C4112F228CF7BF00504E97 /* libz.tbd */ = {isa = PBXFileReference; lastKnownFileType = "sourcecode.text-based-dylib-definition"; name = libz.tbd; path = usr/lib/libz.tbd; sourceTree = SDKROOT; };
		60DFF5EA228CE937000F3BCE /* tdjson.framework */ = {isa = PBXFileReference; explicitFileType = wrapper.framework; includeInIndex = 0; path = tdjson.framework; sourceTree = BUILT_PRODUCTS_DIR; };
		60DFF5ED228CE937000F3BCE /* tdjson.h */ = {isa = PBXFileReference; lastKnownFileType = sourcecode.c.h; path = tdjson.h; sourceTree = "<group>"; };
		60DFF5EE228CE937000F3BCE /* Info.plist */ = {isa = PBXFileReference; lastKnownFileType = text.plist.xml; path = Info.plist; sourceTree = "<group>"; };
/* End PBXFileReference section */

/* Begin PBXFrameworksBuildPhase section */
		60B17D02228D7F82005D3A80 /* Frameworks */ = {
			isa = PBXFrameworksBuildPhase;
			buildActionMask = 2147483647;
			files = (
			);
			runOnlyForDeploymentPostprocessing = 0;
		};
		60B17D11228D7FBF005D3A80 /* Frameworks */ = {
			isa = PBXFrameworksBuildPhase;
			buildActionMask = 2147483647;
			files = (
			);
			runOnlyForDeploymentPostprocessing = 0;
		};
		60B17D1E228D7FDF005D3A80 /* Frameworks */ = {
			isa = PBXFrameworksBuildPhase;
			buildActionMask = 2147483647;
			files = (
			);
			runOnlyForDeploymentPostprocessing = 0;
		};
		60DFF5E7228CE937000F3BCE /* Frameworks */ = {
			isa = PBXFrameworksBuildPhase;
			buildActionMask = 2147483647;
			files = (
			);
			runOnlyForDeploymentPostprocessing = 0;
		};
/* End PBXFrameworksBuildPhase section */

/* Begin PBXGroup section */
		60B17CE7228D773B005D3A80 /* td */ = {
			isa = PBXGroup;
			children = (
				60B17CE8228D773B005D3A80 /* tl */,
				60B17CEA228D773B005D3A80 /* telegram */,
			);
			path = td;
			sourceTree = "<group>";
		};
		60B17CE8228D773B005D3A80 /* tl */ = {
			isa = PBXGroup;
			children = (
				60B17CE9228D773B005D3A80 /* TlObject.h */,
			);
			path = tl;
			sourceTree = "<group>";
		};
		60B17CEA228D773B005D3A80 /* telegram */ = {
			isa = PBXGroup;
			children = (
				60B17CEB228D773B005D3A80 /* tdjson_export.h */,
				60B17CEC228D773B005D3A80 /* td_json_client.h */,
				60B17CED228D773B005D3A80 /* Client.h */,
				60B17CEE228D773B005D3A80 /* td_api.h */,
				60B17CEF228D773B005D3A80 /* td_log.h */,
				60B17CF0228D773B005D3A80 /* td_api.hpp */,
				60B17CF1228D773B005D3A80 /* Log.h */,
			);
			path = telegram;
			sourceTree = "<group>";
		};
		60B17D06228D7F82005D3A80 /* tdjson-watchOS */ = {
			isa = PBXGroup;
			children = (
				60B17D08228D7F82005D3A80 /* Info.plist */,
			);
			path = "tdjson-watchOS";
			sourceTree = "<group>";
		};
		60B17D15228D7FBF005D3A80 /* tdjson-tvOS */ = {
			isa = PBXGroup;
			children = (
				60B17D17228D7FBF005D3A80 /* Info.plist */,
			);
			path = "tdjson-tvOS";
			sourceTree = "<group>";
		};
		60B17D22228D7FE0005D3A80 /* tdjson-macOS */ = {
			isa = PBXGroup;
			children = (
				60B17D24228D7FE0005D3A80 /* Info.plist */,
			);
			path = "tdjson-macOS";
			sourceTree = "<group>";
		};
		60C4112E228CF7BF00504E97 /* Frameworks */ = {
			isa = PBXGroup;
			children = (
				60C4112F228CF7BF00504E97 /* libz.tbd */,
			);
			name = Frameworks;
			sourceTree = "<group>";
		};
		60DFF5E0228CE937000F3BCE = {
			isa = PBXGroup;
			children = (
				60DFF5EC228CE937000F3BCE /* tdjson */,
				60B17D06228D7F82005D3A80 /* tdjson-watchOS */,
				60B17D15228D7FBF005D3A80 /* tdjson-tvOS */,
				60B17D22228D7FE0005D3A80 /* tdjson-macOS */,
				60DFF5EB228CE937000F3BCE /* Products */,
				60C4112E228CF7BF00504E97 /* Frameworks */,
			);
			sourceTree = "<group>";
		};
		60DFF5EB228CE937000F3BCE /* Products */ = {
			isa = PBXGroup;
			children = (
				60DFF5EA228CE937000F3BCE /* tdjson.framework */,
				60B17D05228D7F82005D3A80 /* tdjson_watchOS.framework */,
				60B17D14228D7FBF005D3A80 /* tdjson_tvOS.framework */,
				60B17D21228D7FDF005D3A80 /* tdjson_macOS.framework */,
			);
			name = Products;
			sourceTree = "<group>";
		};
		60DFF5EC228CE937000F3BCE /* tdjson */ = {
			isa = PBXGroup;
			children = (
				60DFF5ED228CE937000F3BCE /* tdjson.h */,
				60B17D48228D8999005D3A80 /* File.swift */,
				60DFF5EE228CE937000F3BCE /* Info.plist */,
				60B17CE7228D773B005D3A80 /* td */,
			);
			path = tdjson;
			sourceTree = "<group>";
		};
/* End PBXGroup section */

/* Begin PBXHeadersBuildPhase section */
		60B17D00228D7F82005D3A80 /* Headers */ = {
			isa = PBXHeadersBuildPhase;
			buildActionMask = 2147483647;
			files = (
				60B17D36228D8044005D3A80 /* td_api.h in Headers */,
				60B17D3F228D805D005D3A80 /* Log.h in Headers */,
				60B17D2D228D8031005D3A80 /* tdjson_export.h in Headers */,
				60B17D33228D803E005D3A80 /* Client.h in Headers */,
				60B17D0D228D7F93005D3A80 /* tdjson.h in Headers */,
				60B17D30228D8038005D3A80 /* td_json_client.h in Headers */,
				60B17D0E228D7F99005D3A80 /* TlObject.h in Headers */,
				60B17D3C228D8054005D3A80 /* td_api.hpp in Headers */,
				60B17D39228D804A005D3A80 /* td_log.h in Headers */,
			);
			runOnlyForDeploymentPostprocessing = 0;
		};
		60B17D0F228D7FBF005D3A80 /* Headers */ = {
			isa = PBXHeadersBuildPhase;
			buildActionMask = 2147483647;
			files = (
				60B17D37228D8044005D3A80 /* td_api.h in Headers */,
				60B17D40228D805D005D3A80 /* Log.h in Headers */,
				60B17D2E228D8032005D3A80 /* tdjson_export.h in Headers */,
				60B17D34228D803F005D3A80 /* Client.h in Headers */,
				60B17D29228D8027005D3A80 /* tdjson.h in Headers */,
				60B17D31228D8038005D3A80 /* td_json_client.h in Headers */,
				60B17D2B228D802C005D3A80 /* TlObject.h in Headers */,
				60B17D3D228D8055005D3A80 /* td_api.hpp in Headers */,
				60B17D3A228D804A005D3A80 /* td_log.h in Headers */,
			);
			runOnlyForDeploymentPostprocessing = 0;
		};
		60B17D1C228D7FDF005D3A80 /* Headers */ = {
			isa = PBXHeadersBuildPhase;
			buildActionMask = 2147483647;
			files = (
				60B17D38228D8045005D3A80 /* td_api.h in Headers */,
				60B17D41228D805D005D3A80 /* Log.h in Headers */,
				60B17D2F228D8032005D3A80 /* tdjson_export.h in Headers */,
				60B17D35228D803F005D3A80 /* Client.h in Headers */,
				60B17D2A228D8027005D3A80 /* tdjson.h in Headers */,
				60B17D32228D8039005D3A80 /* td_json_client.h in Headers */,
				60B17D2C228D802D005D3A80 /* TlObject.h in Headers */,
				60B17D3E228D8055005D3A80 /* td_api.hpp in Headers */,
				60B17D3B228D804A005D3A80 /* td_log.h in Headers */,
			);
			runOnlyForDeploymentPostprocessing = 0;
		};
		60DFF5E5228CE937000F3BCE /* Headers */ = {
			isa = PBXHeadersBuildPhase;
			buildActionMask = 2147483647;
			files = (
				60B17CF9228D773B005D3A80 /* Log.h in Headers */,
				60DFF5EF228CE937000F3BCE /* tdjson.h in Headers */,
				60B17CF8228D773B005D3A80 /* td_api.hpp in Headers */,
				60B17CF6228D773B005D3A80 /* td_api.h in Headers */,
				60B17CF7228D773B005D3A80 /* td_log.h in Headers */,
				60B17CF4228D773B005D3A80 /* td_json_client.h in Headers */,
				60B17CF3228D773B005D3A80 /* tdjson_export.h in Headers */,
				60B17CF2228D773B005D3A80 /* TlObject.h in Headers */,
				60B17CF5228D773B005D3A80 /* Client.h in Headers */,
			);
			runOnlyForDeploymentPostprocessing = 0;
		};
/* End PBXHeadersBuildPhase section */

/* Begin PBXNativeTarget section */
		60B17D04228D7F82005D3A80 /* tdjson-watchOS */ = {
			isa = PBXNativeTarget;
			buildConfigurationList = 60B17D0A228D7F82005D3A80 /* Build configuration list for PBXNativeTarget "tdjson-watchOS" */;
			buildPhases = (
				60B17D00228D7F82005D3A80 /* Headers */,
				60B17D01228D7F82005D3A80 /* Sources */,
				60B17D02228D7F82005D3A80 /* Frameworks */,
				60B17D03228D7F82005D3A80 /* Resources */,
			);
			buildRules = (
			);
			dependencies = (
			);
			name = "tdjson-watchOS";
			productName = "tdjson-watchOS";
			productReference = 60B17D05228D7F82005D3A80 /* tdjson_watchOS.framework */;
			productType = "com.apple.product-type.framework";
		};
		60B17D13228D7FBF005D3A80 /* tdjson-tvOS */ = {
			isa = PBXNativeTarget;
			buildConfigurationList = 60B17D19228D7FBF005D3A80 /* Build configuration list for PBXNativeTarget "tdjson-tvOS" */;
			buildPhases = (
				60B17D0F228D7FBF005D3A80 /* Headers */,
				60B17D10228D7FBF005D3A80 /* Sources */,
				60B17D11228D7FBF005D3A80 /* Frameworks */,
				60B17D12228D7FBF005D3A80 /* Resources */,
			);
			buildRules = (
			);
			dependencies = (
			);
			name = "tdjson-tvOS";
			productName = "tdjson-tvOS";
			productReference = 60B17D14228D7FBF005D3A80 /* tdjson_tvOS.framework */;
			productType = "com.apple.product-type.framework";
		};
		60B17D20228D7FDF005D3A80 /* tdjson-macOS */ = {
			isa = PBXNativeTarget;
			buildConfigurationList = 60B17D26228D7FE0005D3A80 /* Build configuration list for PBXNativeTarget "tdjson-macOS" */;
			buildPhases = (
				60B17D1C228D7FDF005D3A80 /* Headers */,
				60B17D1D228D7FDF005D3A80 /* Sources */,
				60B17D1E228D7FDF005D3A80 /* Frameworks */,
				60B17D1F228D7FDF005D3A80 /* Resources */,
			);
			buildRules = (
			);
			dependencies = (
			);
			name = "tdjson-macOS";
			productName = "tdjson-macOS";
			productReference = 60B17D21228D7FDF005D3A80 /* tdjson_macOS.framework */;
			productType = "com.apple.product-type.framework";
		};
		60DFF5E9228CE937000F3BCE /* tdjson */ = {
			isa = PBXNativeTarget;
			buildConfigurationList = 60DFF5F2228CE937000F3BCE /* Build configuration list for PBXNativeTarget "tdjson" */;
			buildPhases = (
				60DFF5E5228CE937000F3BCE /* Headers */,
				60DFF5E6228CE937000F3BCE /* Sources */,
				60DFF5E7228CE937000F3BCE /* Frameworks */,
				60DFF5E8228CE937000F3BCE /* Resources */,
				60DFF620228CEAE8000F3BCE /* CopyFiles */,
			);
			buildRules = (
			);
			dependencies = (
			);
			name = tdjson;
			productName = tdjson;
			productReference = 60DFF5EA228CE937000F3BCE /* tdjson.framework */;
			productType = "com.apple.product-type.framework";
		};
/* End PBXNativeTarget section */

/* Begin PBXProject section */
		60DFF5E1228CE937000F3BCE /* Project object */ = {
			isa = PBXProject;
			attributes = {
				LastUpgradeCheck = 1010;
				ORGANIZATIONNAME = KY1VSTAR;
				TargetAttributes = {
					60B17D04228D7F82005D3A80 = {
						CreatedOnToolsVersion = 10.1;
					};
					60B17D13228D7FBF005D3A80 = {
						CreatedOnToolsVersion = 10.1;
					};
					60B17D20228D7FDF005D3A80 = {
						CreatedOnToolsVersion = 10.1;
					};
					60DFF5E9228CE937000F3BCE = {
						CreatedOnToolsVersion = 10.1;
						LastSwiftMigration = 1010;
					};
				};
			};
			buildConfigurationList = 60DFF5E4228CE937000F3BCE /* Build configuration list for PBXProject "tdjson" */;
			compatibilityVersion = "Xcode 9.3";
			developmentRegion = en;
			hasScannedForEncodings = 0;
			knownRegions = (
				en,
			);
			mainGroup = 60DFF5E0228CE937000F3BCE;
			productRefGroup = 60DFF5EB228CE937000F3BCE /* Products */;
			projectDirPath = "";
			projectRoot = "";
			targets = (
				60DFF5E9228CE937000F3BCE /* tdjson */,
				60B17D04228D7F82005D3A80 /* tdjson-watchOS */,
				60B17D13228D7FBF005D3A80 /* tdjson-tvOS */,
				60B17D20228D7FDF005D3A80 /* tdjson-macOS */,
			);
		};
/* End PBXProject section */

/* Begin PBXResourcesBuildPhase section */
		60B17D03228D7F82005D3A80 /* Resources */ = {
			isa = PBXResourcesBuildPhase;
			buildActionMask = 2147483647;
			files = (
			);
			runOnlyForDeploymentPostprocessing = 0;
		};
		60B17D12228D7FBF005D3A80 /* Resources */ = {
			isa = PBXResourcesBuildPhase;
			buildActionMask = 2147483647;
			files = (
			);
			runOnlyForDeploymentPostprocessing = 0;
		};
		60B17D1F228D7FDF005D3A80 /* Resources */ = {
			isa = PBXResourcesBuildPhase;
			buildActionMask = 2147483647;
			files = (
			);
			runOnlyForDeploymentPostprocessing = 0;
		};
		60DFF5E8228CE937000F3BCE /* Resources */ = {
			isa = PBXResourcesBuildPhase;
			buildActionMask = 2147483647;
			files = (
			);
			runOnlyForDeploymentPostprocessing = 0;
		};
/* End PBXResourcesBuildPhase section */

/* Begin PBXSourcesBuildPhase section */
		60B17D01228D7F82005D3A80 /* Sources */ = {
			isa = PBXSourcesBuildPhase;
			buildActionMask = 2147483647;
			files = (
			);
			runOnlyForDeploymentPostprocessing = 0;
		};
		60B17D10228D7FBF005D3A80 /* Sources */ = {
			isa = PBXSourcesBuildPhase;
			buildActionMask = 2147483647;
			files = (
			);
			runOnlyForDeploymentPostprocessing = 0;
		};
		60B17D1D228D7FDF005D3A80 /* Sources */ = {
			isa = PBXSourcesBuildPhase;
			buildActionMask = 2147483647;
			files = (
			);
			runOnlyForDeploymentPostprocessing = 0;
		};
		60DFF5E6228CE937000F3BCE /* Sources */ = {
			isa = PBXSourcesBuildPhase;
			buildActionMask = 2147483647;
			files = (
				60B17D49228D8999005D3A80 /* File.swift in Sources */,
			);
			runOnlyForDeploymentPostprocessing = 0;
		};
/* End PBXSourcesBuildPhase section */

/* Begin XCBuildConfiguration section */
		60B17D0B228D7F82005D3A80 /* Debug */ = {
			isa = XCBuildConfiguration;
			buildSettings = {
				APPLICATION_EXTENSION_API_ONLY = YES;
				CODE_SIGN_IDENTITY = "";
				CODE_SIGN_STYLE = Automatic;
				DEFINES_MODULE = YES;
				DEVELOPMENT_TEAM = "";
				DYLIB_COMPATIBILITY_VERSION = 1;
				DYLIB_CURRENT_VERSION = 1;
				DYLIB_INSTALL_NAME_BASE = "@rpath";
				INFOPLIST_FILE = "tdjson-watchOS/Info.plist";
				INSTALL_PATH = "$(LOCAL_LIBRARY_DIR)/Frameworks";
				LD_RUNPATH_SEARCH_PATHS = (
					"$(inherited)",
					"@executable_path/Frameworks",
					"@loader_path/Frameworks",
				);
				ONLY_ACTIVE_ARCH = NO;
				PRODUCT_BUNDLE_IDENTIFIER = "ua.ky1vstar.tdjson-watchOS";
				PRODUCT_NAME = "$(TARGET_NAME:c99extidentifier)";
				SDKROOT = watchos;
				SKIP_INSTALL = YES;
				TARGETED_DEVICE_FAMILY = 4;
				WATCHOS_DEPLOYMENT_TARGET = 2.0;
			};
			name = Debug;
		};
		60B17D0C228D7F82005D3A80 /* Release */ = {
			isa = XCBuildConfiguration;
			buildSettings = {
				APPLICATION_EXTENSION_API_ONLY = YES;
				CODE_SIGN_IDENTITY = "";
				CODE_SIGN_STYLE = Automatic;
				DEFINES_MODULE = YES;
				DEVELOPMENT_TEAM = "";
				DYLIB_COMPATIBILITY_VERSION = 1;
				DYLIB_CURRENT_VERSION = 1;
				DYLIB_INSTALL_NAME_BASE = "@rpath";
				INFOPLIST_FILE = "tdjson-watchOS/Info.plist";
				INSTALL_PATH = "$(LOCAL_LIBRARY_DIR)/Frameworks";
				LD_RUNPATH_SEARCH_PATHS = (
					"$(inherited)",
					"@executable_path/Frameworks",
					"@loader_path/Frameworks",
				);
				PRODUCT_BUNDLE_IDENTIFIER = "ua.ky1vstar.tdjson-watchOS";
				PRODUCT_NAME = "$(TARGET_NAME:c99extidentifier)";
				SDKROOT = watchos;
				SKIP_INSTALL = YES;
				TARGETED_DEVICE_FAMILY = 4;
				WATCHOS_DEPLOYMENT_TARGET = 2.0;
			};
			name = Release;
		};
		60B17D1A228D7FBF005D3A80 /* Debug */ = {
			isa = XCBuildConfiguration;
			buildSettings = {
				CODE_SIGN_IDENTITY = "";
				CODE_SIGN_STYLE = Automatic;
				DEFINES_MODULE = YES;
				DEVELOPMENT_TEAM = "";
				DYLIB_COMPATIBILITY_VERSION = 1;
				DYLIB_CURRENT_VERSION = 1;
				DYLIB_INSTALL_NAME_BASE = "@rpath";
				INFOPLIST_FILE = "tdjson-tvOS/Info.plist";
				INSTALL_PATH = "$(LOCAL_LIBRARY_DIR)/Frameworks";
				LD_RUNPATH_SEARCH_PATHS = (
					"$(inherited)",
					"@executable_path/Frameworks",
					"@loader_path/Frameworks",
				);
				ONLY_ACTIVE_ARCH = NO;
				PRODUCT_BUNDLE_IDENTIFIER = "ua.ky1vstar.tdjson-tvOS";
				PRODUCT_NAME = "$(TARGET_NAME:c99extidentifier)";
				SDKROOT = appletvos;
				SKIP_INSTALL = YES;
				TARGETED_DEVICE_FAMILY = 3;
				TVOS_DEPLOYMENT_TARGET = 9.0;
			};
			name = Debug;
		};
		60B17D1B228D7FBF005D3A80 /* Release */ = {
			isa = XCBuildConfiguration;
			buildSettings = {
				CODE_SIGN_IDENTITY = "";
				CODE_SIGN_STYLE = Automatic;
				DEFINES_MODULE = YES;
				DEVELOPMENT_TEAM = "";
				DYLIB_COMPATIBILITY_VERSION = 1;
				DYLIB_CURRENT_VERSION = 1;
				DYLIB_INSTALL_NAME_BASE = "@rpath";
				INFOPLIST_FILE = "tdjson-tvOS/Info.plist";
				INSTALL_PATH = "$(LOCAL_LIBRARY_DIR)/Frameworks";
				LD_RUNPATH_SEARCH_PATHS = (
					"$(inherited)",
					"@executable_path/Frameworks",
					"@loader_path/Frameworks",
				);
				PRODUCT_BUNDLE_IDENTIFIER = "ua.ky1vstar.tdjson-tvOS";
				PRODUCT_NAME = "$(TARGET_NAME:c99extidentifier)";
				SDKROOT = appletvos;
				SKIP_INSTALL = YES;
				TARGETED_DEVICE_FAMILY = 3;
				TVOS_DEPLOYMENT_TARGET = 9.0;
			};
			name = Release;
		};
		60B17D27228D7FE0005D3A80 /* Debug */ = {
			isa = XCBuildConfiguration;
			buildSettings = {
				APPLICATION_EXTENSION_API_ONLY = YES;
				CODE_SIGN_IDENTITY = "Mac Developer";
				CODE_SIGN_STYLE = Automatic;
				COMBINE_HIDPI_IMAGES = YES;
				DEFINES_MODULE = YES;
				DEVELOPMENT_TEAM = "";
				DYLIB_COMPATIBILITY_VERSION = 1;
				DYLIB_CURRENT_VERSION = 1;
				DYLIB_INSTALL_NAME_BASE = "@rpath";
				FRAMEWORK_VERSION = A;
				INFOPLIST_FILE = "tdjson-macOS/Info.plist";
				INSTALL_PATH = "$(LOCAL_LIBRARY_DIR)/Frameworks";
				LD_RUNPATH_SEARCH_PATHS = (
					"$(inherited)",
					"@executable_path/../Frameworks",
					"@loader_path/Frameworks",
				);
				MACOSX_DEPLOYMENT_TARGET = 10.6;
				ONLY_ACTIVE_ARCH = NO;
				PRODUCT_BUNDLE_IDENTIFIER = "ua.ky1vstar.tdjson-macOS";
				PRODUCT_NAME = "$(TARGET_NAME:c99extidentifier)";
				SDKROOT = macosx;
				SKIP_INSTALL = YES;
			};
			name = Debug;
		};
		60B17D28228D7FE0005D3A80 /* Release */ = {
			isa = XCBuildConfiguration;
			buildSettings = {
				APPLICATION_EXTENSION_API_ONLY = YES;
				CODE_SIGN_IDENTITY = "Mac Developer";
				CODE_SIGN_STYLE = Automatic;
				COMBINE_HIDPI_IMAGES = YES;
				DEFINES_MODULE = YES;
				DEVELOPMENT_TEAM = "";
				DYLIB_COMPATIBILITY_VERSION = 1;
				DYLIB_CURRENT_VERSION = 1;
				DYLIB_INSTALL_NAME_BASE = "@rpath";
				FRAMEWORK_VERSION = A;
				INFOPLIST_FILE = "tdjson-macOS/Info.plist";
				INSTALL_PATH = "$(LOCAL_LIBRARY_DIR)/Frameworks";
				LD_RUNPATH_SEARCH_PATHS = (
					"$(inherited)",
					"@executable_path/../Frameworks",
					"@loader_path/Frameworks",
				);
				MACOSX_DEPLOYMENT_TARGET = 10.6;
				PRODUCT_BUNDLE_IDENTIFIER = "ua.ky1vstar.tdjson-macOS";
				PRODUCT_NAME = "$(TARGET_NAME:c99extidentifier)";
				SDKROOT = macosx;
				SKIP_INSTALL = YES;
			};
			name = Release;
		};
		60DFF5F0228CE937000F3BCE /* Debug */ = {
			isa = XCBuildConfiguration;
			buildSettings = {
				ALWAYS_SEARCH_USER_PATHS = NO;
				CLANG_ANALYZER_NONNULL = YES;
				CLANG_ANALYZER_NUMBER_OBJECT_CONVERSION = YES_AGGRESSIVE;
				CLANG_CXX_LANGUAGE_STANDARD = "gnu++14";
				CLANG_CXX_LIBRARY = "libc++";
				CLANG_ENABLE_MODULES = YES;
				CLANG_ENABLE_OBJC_ARC = YES;
				CLANG_ENABLE_OBJC_WEAK = YES;
				CLANG_WARN_BLOCK_CAPTURE_AUTORELEASING = YES;
				CLANG_WARN_BOOL_CONVERSION = YES;
				CLANG_WARN_COMMA = YES;
				CLANG_WARN_CONSTANT_CONVERSION = YES;
				CLANG_WARN_DEPRECATED_OBJC_IMPLEMENTATIONS = YES;
				CLANG_WARN_DIRECT_OBJC_ISA_USAGE = YES_ERROR;
				CLANG_WARN_DOCUMENTATION_COMMENTS = YES;
				CLANG_WARN_EMPTY_BODY = YES;
				CLANG_WARN_ENUM_CONVERSION = YES;
				CLANG_WARN_INFINITE_RECURSION = YES;
				CLANG_WARN_INT_CONVERSION = YES;
				CLANG_WARN_NON_LITERAL_NULL_CONVERSION = YES;
				CLANG_WARN_OBJC_IMPLICIT_RETAIN_SELF = YES;
				CLANG_WARN_OBJC_LITERAL_CONVERSION = YES;
				CLANG_WARN_OBJC_ROOT_CLASS = YES_ERROR;
				CLANG_WARN_RANGE_LOOP_ANALYSIS = YES;
				CLANG_WARN_STRICT_PROTOTYPES = YES;
				CLANG_WARN_SUSPICIOUS_MOVE = YES;
				CLANG_WARN_UNGUARDED_AVAILABILITY = YES_AGGRESSIVE;
				CLANG_WARN_UNREACHABLE_CODE = YES;
				CLANG_WARN__DUPLICATE_METHOD_MATCH = YES;
				CODE_SIGN_IDENTITY = "iPhone Developer";
				COPY_PHASE_STRIP = NO;
				CURRENT_PROJECT_VERSION = 1;
				DEBUG_INFORMATION_FORMAT = dwarf;
				ENABLE_STRICT_OBJC_MSGSEND = YES;
				ENABLE_TESTABILITY = YES;
				GCC_C_LANGUAGE_STANDARD = gnu11;
				GCC_DYNAMIC_NO_PIC = NO;
				GCC_NO_COMMON_BLOCKS = YES;
				GCC_OPTIMIZATION_LEVEL = 0;
				GCC_PREPROCESSOR_DEFINITIONS = (
					"DEBUG=1",
					"$(inherited)",
				);
				GCC_WARN_64_TO_32_BIT_CONVERSION = YES;
				GCC_WARN_ABOUT_RETURN_TYPE = YES_ERROR;
				GCC_WARN_UNDECLARED_SELECTOR = YES;
				GCC_WARN_UNINITIALIZED_AUTOS = YES_AGGRESSIVE;
				GCC_WARN_UNUSED_FUNCTION = YES;
				GCC_WARN_UNUSED_VARIABLE = YES;
				IPHONEOS_DEPLOYMENT_TARGET = 8.0;
				MTL_ENABLE_DEBUG_INFO = INCLUDE_SOURCE;
				MTL_FAST_MATH = YES;
				ONLY_ACTIVE_ARCH = NO;
				OTHER_CFLAGS = "";
				SDKROOT = iphoneos;
				SWIFT_ACTIVE_COMPILATION_CONDITIONS = DEBUG;
				SWIFT_OPTIMIZATION_LEVEL = "-Onone";
				VERSIONING_SYSTEM = "apple-generic";
				VERSION_INFO_PREFIX = "";
			};
			name = Debug;
		};
		60DFF5F1228CE937000F3BCE /* Release */ = {
			isa = XCBuildConfiguration;
			buildSettings = {
				ALWAYS_SEARCH_USER_PATHS = NO;
				CLANG_ANALYZER_NONNULL = YES;
				CLANG_ANALYZER_NUMBER_OBJECT_CONVERSION = YES_AGGRESSIVE;
				CLANG_CXX_LANGUAGE_STANDARD = "gnu++14";
				CLANG_CXX_LIBRARY = "libc++";
				CLANG_ENABLE_MODULES = YES;
				CLANG_ENABLE_OBJC_ARC = YES;
				CLANG_ENABLE_OBJC_WEAK = YES;
				CLANG_WARN_BLOCK_CAPTURE_AUTORELEASING = YES;
				CLANG_WARN_BOOL_CONVERSION = YES;
				CLANG_WARN_COMMA = YES;
				CLANG_WARN_CONSTANT_CONVERSION = YES;
				CLANG_WARN_DEPRECATED_OBJC_IMPLEMENTATIONS = YES;
				CLANG_WARN_DIRECT_OBJC_ISA_USAGE = YES_ERROR;
				CLANG_WARN_DOCUMENTATION_COMMENTS = YES;
				CLANG_WARN_EMPTY_BODY = YES;
				CLANG_WARN_ENUM_CONVERSION = YES;
				CLANG_WARN_INFINITE_RECURSION = YES;
				CLANG_WARN_INT_CONVERSION = YES;
				CLANG_WARN_NON_LITERAL_NULL_CONVERSION = YES;
				CLANG_WARN_OBJC_IMPLICIT_RETAIN_SELF = YES;
				CLANG_WARN_OBJC_LITERAL_CONVERSION = YES;
				CLANG_WARN_OBJC_ROOT_CLASS = YES_ERROR;
				CLANG_WARN_RANGE_LOOP_ANALYSIS = YES;
				CLANG_WARN_STRICT_PROTOTYPES = YES;
				CLANG_WARN_SUSPICIOUS_MOVE = YES;
				CLANG_WARN_UNGUARDED_AVAILABILITY = YES_AGGRESSIVE;
				CLANG_WARN_UNREACHABLE_CODE = YES;
				CLANG_WARN__DUPLICATE_METHOD_MATCH = YES;
				CODE_SIGN_IDENTITY = "iPhone Developer";
				COPY_PHASE_STRIP = NO;
				CURRENT_PROJECT_VERSION = 1;
				DEBUG_INFORMATION_FORMAT = "dwarf-with-dsym";
				ENABLE_NS_ASSERTIONS = NO;
				ENABLE_STRICT_OBJC_MSGSEND = YES;
				GCC_C_LANGUAGE_STANDARD = gnu11;
				GCC_NO_COMMON_BLOCKS = YES;
				GCC_WARN_64_TO_32_BIT_CONVERSION = YES;
				GCC_WARN_ABOUT_RETURN_TYPE = YES_ERROR;
				GCC_WARN_UNDECLARED_SELECTOR = YES;
				GCC_WARN_UNINITIALIZED_AUTOS = YES_AGGRESSIVE;
				GCC_WARN_UNUSED_FUNCTION = YES;
				GCC_WARN_UNUSED_VARIABLE = YES;
				IPHONEOS_DEPLOYMENT_TARGET = 8.0;
				MTL_ENABLE_DEBUG_INFO = NO;
				MTL_FAST_MATH = YES;
				OTHER_CFLAGS = "";
				SDKROOT = iphoneos;
				SWIFT_COMPILATION_MODE = wholemodule;
				SWIFT_OPTIMIZATION_LEVEL = "-O";
				VALIDATE_PRODUCT = YES;
				VERSIONING_SYSTEM = "apple-generic";
				VERSION_INFO_PREFIX = "";
			};
			name = Release;
		};
		60DFF5F3228CE937000F3BCE /* Debug */ = {
			isa = XCBuildConfiguration;
			buildSettings = {
				APPLICATION_EXTENSION_API_ONLY = YES;
				CLANG_ENABLE_MODULES = YES;
				CODE_SIGN_IDENTITY = "iPhone Developer";
				CODE_SIGN_STYLE = Automatic;
				DEFINES_MODULE = YES;
				DEVELOPMENT_TEAM = "";
				DYLIB_COMPATIBILITY_VERSION = 1;
				DYLIB_CURRENT_VERSION = 1;
				DYLIB_INSTALL_NAME_BASE = "@rpath";
				INFOPLIST_FILE = tdjson/Info.plist;
				INSTALL_PATH = "$(LOCAL_LIBRARY_DIR)/Frameworks";
				IPHONEOS_DEPLOYMENT_TARGET = 8.0;
				LD_RUNPATH_SEARCH_PATHS = (
					"$(inherited)",
					"@executable_path/Frameworks",
					"@loader_path/Frameworks",
				);
				LIBRARY_SEARCH_PATHS = (
					"$(inherited)",
					"$(PROJECT_DIR)/tdjson/lib",
					"$(PROJECT_DIR)/tdjson",
				);
				PRODUCT_BUNDLE_IDENTIFIER = ua.ky1vstar.tdjson;
				PRODUCT_NAME = "$(TARGET_NAME:c99extidentifier)";
				PROVISIONING_PROFILE_SPECIFIER = "";
				SKIP_INSTALL = YES;
				SWIFT_OPTIMIZATION_LEVEL = "-Onone";
				SWIFT_VERSION = 4.2;
				TARGETED_DEVICE_FAMILY = "1,2";
			};
			name = Debug;
		};
		60DFF5F4228CE937000F3BCE /* Release */ = {
			isa = XCBuildConfiguration;
			buildSettings = {
				APPLICATION_EXTENSION_API_ONLY = YES;
				CLANG_ENABLE_MODULES = YES;
				CODE_SIGN_IDENTITY = "iPhone Developer";
				CODE_SIGN_STYLE = Automatic;
				DEFINES_MODULE = YES;
				DEVELOPMENT_TEAM = "";
				DYLIB_COMPATIBILITY_VERSION = 1;
				DYLIB_CURRENT_VERSION = 1;
				DYLIB_INSTALL_NAME_BASE = "@rpath";
				INFOPLIST_FILE = tdjson/Info.plist;
				INSTALL_PATH = "$(LOCAL_LIBRARY_DIR)/Frameworks";
				IPHONEOS_DEPLOYMENT_TARGET = 8.0;
				LD_RUNPATH_SEARCH_PATHS = (
					"$(inherited)",
					"@executable_path/Frameworks",
					"@loader_path/Frameworks",
				);
				LIBRARY_SEARCH_PATHS = (
					"$(inherited)",
					"$(PROJECT_DIR)/tdjson/lib",
					"$(PROJECT_DIR)/tdjson",
				);
				PRODUCT_BUNDLE_IDENTIFIER = ua.ky1vstar.tdjson;
				PRODUCT_NAME = "$(TARGET_NAME:c99extidentifier)";
				PROVISIONING_PROFILE_SPECIFIER = "";
				SKIP_INSTALL = YES;
				SWIFT_VERSION = 4.2;
				TARGETED_DEVICE_FAMILY = "1,2";
			};
			name = Release;
		};
/* End XCBuildConfiguration section */

/* Begin XCConfigurationList section */
		60B17D0A228D7F82005D3A80 /* Build configuration list for PBXNativeTarget "tdjson-watchOS" */ = {
			isa = XCConfigurationList;
			buildConfigurations = (
				60B17D0B228D7F82005D3A80 /* Debug */,
				60B17D0C228D7F82005D3A80 /* Release */,
			);
			defaultConfigurationIsVisible = 0;
			defaultConfigurationName = Release;
		};
		60B17D19228D7FBF005D3A80 /* Build configuration list for PBXNativeTarget "tdjson-tvOS" */ = {
			isa = XCConfigurationList;
			buildConfigurations = (
				60B17D1A228D7FBF005D3A80 /* Debug */,
				60B17D1B228D7FBF005D3A80 /* Release */,
			);
			defaultConfigurationIsVisible = 0;
			defaultConfigurationName = Release;
		};
		60B17D26228D7FE0005D3A80 /* Build configuration list for PBXNativeTarget "tdjson-macOS" */ = {
			isa = XCConfigurationList;
			buildConfigurations = (
				60B17D27228D7FE0005D3A80 /* Debug */,
				60B17D28228D7FE0005D3A80 /* Release */,
			);
			defaultConfigurationIsVisible = 0;
			defaultConfigurationName = Release;
		};
		60DFF5E4228CE937000F3BCE /* Build configuration list for PBXProject "tdjson" */ = {
			isa = XCConfigurationList;
			buildConfigurations = (
				60DFF5F0228CE937000F3BCE /* Debug */,
				60DFF5F1228CE937000F3BCE /* Release */,
			);
			defaultConfigurationIsVisible = 0;
			defaultConfigurationName = Release;
		};
		60DFF5F2228CE937000F3BCE /* Build configuration list for PBXNativeTarget "tdjson" */ = {
			isa = XCConfigurationList;
			buildConfigurations = (
				60DFF5F3228CE937000F3BCE /* Debug */,
				60DFF5F4228CE937000F3BCE /* Release */,
			);
			defaultConfigurationIsVisible = 0;
			defaultConfigurationName = Release;
		};
/* End XCConfigurationList section */
	};
	rootObject = 60DFF5E1228CE937000F3BCE /* Project object */;
}
