PODS:
  - Swiftygram (0.0.1):
    - tdjson
  - tdjson (1.4.0)

DEPENDENCIES:
  - Swiftygram (from `../`)

SPEC REPOS:
  https://github.com/cocoapods/specs.git:
    - tdjson

EXTERNAL SOURCES:
  Swiftygram:
    :path: "../"

SPEC CHECKSUMS:
  Swiftygram: a9bf3a1a014b59b3a8705214da6c7839688a0b7e
  tdjson: 17a689e2c61199b7dac0de9310b3f53e00c14a8a

PODFILE CHECKSUM: 71472979c3ce76ac57c1b12d9ed94391185e5d6b

COCOAPODS: 1.7.2
