PODS:
  - libPhoneNumber-iOS (0.9.15)
  - Swiftygram (0.0.1):
    - Swiftygram/Core (= 0.0.1)
    - tdjson
  - Swiftygram/AuthUI (0.0.1):
    - libPhoneNumber-iOS
    - tdjson
  - Swiftygram/Core (0.0.1):
    - Swiftygram/AuthUI
    - tdjson
  - tdjson (1.4.0)

DEPENDENCIES:
  - Swiftygram (from `../`)

SPEC REPOS:
  https://github.com/cocoapods/specs.git:
    - libPhoneNumber-iOS
    - tdjson

EXTERNAL SOURCES:
  Swiftygram:
    :path: "../"

SPEC CHECKSUMS:
  libPhoneNumber-iOS: 0a32a9525cf8744fe02c5206eb30d571e38f7d75
  Swiftygram: f07f582dc44d4dcf741a23ed2484c6cb5c149a4f
  tdjson: 407c110f06bdb50ecd3cb70757db38b7bcafe408

PODFILE CHECKSUM: e77086a5bdffe9c696824fd95f90c8c15f6784c0

COCOAPODS: 1.7.1
