// !$*UTF8*$!
{
	archiveVersion = 1;
	classes = {
	};
	objectVersion = 50;
	objects = {

/* Begin PBXBuildFile section */
		409FFB1635861DCB3FAFED0A /* Pods_Swiftygram.framework in Frameworks */ = {isa = PBXBuildFile; fileRef = D50D4D3E8BD08CF16F27C9D5 /* Pods_Swiftygram.framework */; };
		6027CD0722987B630054AE73 /* TGLib.swift in Sources */ = {isa = PBXBuildFile; fileRef = 6027CD0622987B620054AE73 /* TGLib.swift */; };
		6027CD0A22987D450054AE73 /* TGObject.swift in Sources */ = {isa = PBXBuildFile; fileRef = 6027CD0922987D450054AE73 /* TGObject.swift */; };
		6027CD0C22987DB80054AE73 /* TGFunction.swift in Sources */ = {isa = PBXBuildFile; fileRef = 6027CD0B22987DB80054AE73 /* TGFunction.swift */; };
		6027CD0F22987E1F0054AE73 /* SetTdlibParameters.swift in Sources */ = {isa = PBXBuildFile; fileRef = 6027CD0E22987E1F0054AE73 /* SetTdlibParameters.swift */; };
		6027CD1222987ED50054AE73 /* TGBaseObject.swift in Sources */ = {isa = PBXBuildFile; fileRef = 6027CD1122987ED50054AE73 /* TGBaseObject.swift */; };
		6027CD1422987EE20054AE73 /* TdlibParameters.swift in Sources */ = {isa = PBXBuildFile; fileRef = 6027CD1322987EE20054AE73 /* TdlibParameters.swift */; };
		6027CD16229880970054AE73 /* Ok.swift in Sources */ = {isa = PBXBuildFile; fileRef = 6027CD15229880970054AE73 /* Ok.swift */; };
		605D8EE622A29911004C1784 /* AnyCodingKey.swift in Sources */ = {isa = PBXBuildFile; fileRef = 605D8EE522A29911004C1784 /* AnyCodingKey.swift */; };
		60B17D59228D912B005D3A80 /* Swiftygram.h in Headers */ = {isa = PBXBuildFile; fileRef = 60B17D57228D912B005D3A80 /* Swiftygram.h */; settings = {ATTRIBUTES = (Public, ); }; };
		60B17D63228D91A5005D3A80 /* TGClient.swift in Sources */ = {isa = PBXBuildFile; fileRef = 60B17D62228D91A5005D3A80 /* TGClient.swift */; };
		60B2993A229A98B200687442 /* TGCore.swift in Sources */ = {isa = PBXBuildFile; fileRef = 60B29939229A98B200687442 /* TGCore.swift */; };
		60B2993C229ABC8100687442 /* TGUpdateObservation.swift in Sources */ = {isa = PBXBuildFile; fileRef = 60B2993B229ABC8100687442 /* TGUpdateObservation.swift */; };
		60B2993E229ABD6400687442 /* HashableType.swift in Sources */ = {isa = PBXBuildFile; fileRef = 60B2993D229ABD6400687442 /* HashableType.swift */; };
		60D337B322997589000AF5C1 /* AuthorizationState.swift in Sources */ = {isa = PBXBuildFile; fileRef = 60D337B222997589000AF5C1 /* AuthorizationState.swift */; };
		60D337B6229975B4000AF5C1 /* TGEnum.swift in Sources */ = {isa = PBXBuildFile; fileRef = 60D337B5229975B4000AF5C1 /* TGEnum.swift */; };
		60D337B822997935000AF5C1 /* TermsOfService.swift in Sources */ = {isa = PBXBuildFile; fileRef = 60D337B722997935000AF5C1 /* TermsOfService.swift */; };
		60D337BA229979DA000AF5C1 /* AuthenticationCodeInfo.swift in Sources */ = {isa = PBXBuildFile; fileRef = 60D337B9229979DA000AF5C1 /* AuthenticationCodeInfo.swift */; };
		60D337BC2299800D000AF5C1 /* FormattedText.swift in Sources */ = {isa = PBXBuildFile; fileRef = 60D337BB2299800D000AF5C1 /* FormattedText.swift */; };
		60D337BE2299805A000AF5C1 /* TextEntity.swift in Sources */ = {isa = PBXBuildFile; fileRef = 60D337BD2299805A000AF5C1 /* TextEntity.swift */; };
		60D337C0229980F0000AF5C1 /* TextEntityType.swift in Sources */ = {isa = PBXBuildFile; fileRef = 60D337BF229980F0000AF5C1 /* TextEntityType.swift */; };
		60D337C322998393000AF5C1 /* TGTypeKeys.swift in Sources */ = {isa = PBXBuildFile; fileRef = 60D337C222998393000AF5C1 /* TGTypeKeys.swift */; };
		60D337C522999ED3000AF5C1 /* AuthenticationCodeType.swift in Sources */ = {isa = PBXBuildFile; fileRef = 60D337C422999ED3000AF5C1 /* AuthenticationCodeType.swift */; };
		60D337C82299A1A9000AF5C1 /* Update.swift in Sources */ = {isa = PBXBuildFile; fileRef = 60D337C72299A1A9000AF5C1 /* Update.swift */; };
		60D337CA2299A202000AF5C1 /* UpdateAuthorizationState.swift in Sources */ = {isa = PBXBuildFile; fileRef = 60D337C92299A202000AF5C1 /* UpdateAuthorizationState.swift */; };
		60D337CC2299A2D2000AF5C1 /* TGClassContainer.swift in Sources */ = {isa = PBXBuildFile; fileRef = 60D337CB2299A2D2000AF5C1 /* TGClassContainer.swift */; };
		60D337CE2299A575000AF5C1 /* TGSubclassCodable.swift in Sources */ = {isa = PBXBuildFile; fileRef = 60D337CD2299A575000AF5C1 /* TGSubclassCodable.swift */; };
		60D337D02299E122000AF5C1 /* Error.swift in Sources */ = {isa = PBXBuildFile; fileRef = 60D337CF2299E122000AF5C1 /* Error.swift */; };
		60D337D42299E4DE000AF5C1 /* DictionaryEncoder.swift in Sources */ = {isa = PBXBuildFile; fileRef = 60D337D32299E4DE000AF5C1 /* DictionaryEncoder.swift */; };
/* End PBXBuildFile section */

/* Begin PBXFileReference section */
		54FE8EB415EAB913CC534DEE /* Pods-Swiftygram.release.xcconfig */ = {isa = PBXFileReference; includeInIndex = 1; lastKnownFileType = text.xcconfig; name = "Pods-Swiftygram.release.xcconfig"; path = "Target Support Files/Pods-Swiftygram/Pods-Swiftygram.release.xcconfig"; sourceTree = "<group>"; };
		5DF26DFEE618FBC4E63EC7AE /* Pods-Swiftygram.debug.xcconfig */ = {isa = PBXFileReference; includeInIndex = 1; lastKnownFileType = text.xcconfig; name = "Pods-Swiftygram.debug.xcconfig"; path = "Target Support Files/Pods-Swiftygram/Pods-Swiftygram.debug.xcconfig"; sourceTree = "<group>"; };
		6027CD0622987B620054AE73 /* TGLib.swift */ = {isa = PBXFileReference; lastKnownFileType = sourcecode.swift; path = TGLib.swift; sourceTree = "<group>"; };
		6027CD0922987D450054AE73 /* TGObject.swift */ = {isa = PBXFileReference; lastKnownFileType = sourcecode.swift; path = TGObject.swift; sourceTree = "<group>"; };
		6027CD0B22987DB80054AE73 /* TGFunction.swift */ = {isa = PBXFileReference; lastKnownFileType = sourcecode.swift; path = TGFunction.swift; sourceTree = "<group>"; };
		6027CD0E22987E1F0054AE73 /* SetTdlibParameters.swift */ = {isa = PBXFileReference; lastKnownFileType = sourcecode.swift; path = SetTdlibParameters.swift; sourceTree = "<group>"; };
		6027CD1122987ED50054AE73 /* TGBaseObject.swift */ = {isa = PBXFileReference; lastKnownFileType = sourcecode.swift; path = TGBaseObject.swift; sourceTree = "<group>"; };
		6027CD1322987EE20054AE73 /* TdlibParameters.swift */ = {isa = PBXFileReference; lastKnownFileType = sourcecode.swift; path = TdlibParameters.swift; sourceTree = "<group>"; };
		6027CD15229880970054AE73 /* Ok.swift */ = {isa = PBXFileReference; lastKnownFileType = sourcecode.swift; path = Ok.swift; sourceTree = "<group>"; };
		605D8EE522A29911004C1784 /* AnyCodingKey.swift */ = {isa = PBXFileReference; lastKnownFileType = sourcecode.swift; path = AnyCodingKey.swift; sourceTree = "<group>"; };
		60B17D54228D912B005D3A80 /* Swiftygram.framework */ = {isa = PBXFileReference; explicitFileType = wrapper.framework; includeInIndex = 0; path = Swiftygram.framework; sourceTree = BUILT_PRODUCTS_DIR; };
		60B17D57228D912B005D3A80 /* Swiftygram.h */ = {isa = PBXFileReference; lastKnownFileType = sourcecode.c.h; path = Swiftygram.h; sourceTree = "<group>"; };
		60B17D58228D912B005D3A80 /* Info.plist */ = {isa = PBXFileReference; lastKnownFileType = text.plist.xml; path = Info.plist; sourceTree = "<group>"; };
		60B17D62228D91A5005D3A80 /* TGClient.swift */ = {isa = PBXFileReference; lastKnownFileType = sourcecode.swift; path = TGClient.swift; sourceTree = "<group>"; };
		60B29939229A98B200687442 /* TGCore.swift */ = {isa = PBXFileReference; lastKnownFileType = sourcecode.swift; path = TGCore.swift; sourceTree = "<group>"; };
		60B2993B229ABC8100687442 /* TGUpdateObservation.swift */ = {isa = PBXFileReference; lastKnownFileType = sourcecode.swift; path = TGUpdateObservation.swift; sourceTree = "<group>"; };
		60B2993D229ABD6400687442 /* HashableType.swift */ = {isa = PBXFileReference; lastKnownFileType = sourcecode.swift; path = HashableType.swift; sourceTree = "<group>"; };
		60D337B222997589000AF5C1 /* AuthorizationState.swift */ = {isa = PBXFileReference; lastKnownFileType = sourcecode.swift; path = AuthorizationState.swift; sourceTree = "<group>"; };
		60D337B5229975B4000AF5C1 /* TGEnum.swift */ = {isa = PBXFileReference; lastKnownFileType = sourcecode.swift; path = TGEnum.swift; sourceTree = "<group>"; };
		60D337B722997935000AF5C1 /* TermsOfService.swift */ = {isa = PBXFileReference; lastKnownFileType = sourcecode.swift; path = TermsOfService.swift; sourceTree = "<group>"; };
		60D337B9229979DA000AF5C1 /* AuthenticationCodeInfo.swift */ = {isa = PBXFileReference; lastKnownFileType = sourcecode.swift; path = AuthenticationCodeInfo.swift; sourceTree = "<group>"; };
		60D337BB2299800D000AF5C1 /* FormattedText.swift */ = {isa = PBXFileReference; lastKnownFileType = sourcecode.swift; path = FormattedText.swift; sourceTree = "<group>"; };
		60D337BD2299805A000AF5C1 /* TextEntity.swift */ = {isa = PBXFileReference; lastKnownFileType = sourcecode.swift; path = TextEntity.swift; sourceTree = "<group>"; };
		60D337BF229980F0000AF5C1 /* TextEntityType.swift */ = {isa = PBXFileReference; lastKnownFileType = sourcecode.swift; path = TextEntityType.swift; sourceTree = "<group>"; };
		60D337C222998393000AF5C1 /* TGTypeKeys.swift */ = {isa = PBXFileReference; lastKnownFileType = sourcecode.swift; path = TGTypeKeys.swift; sourceTree = "<group>"; };
		60D337C422999ED3000AF5C1 /* AuthenticationCodeType.swift */ = {isa = PBXFileReference; lastKnownFileType = sourcecode.swift; path = AuthenticationCodeType.swift; sourceTree = "<group>"; };
		60D337C72299A1A9000AF5C1 /* Update.swift */ = {isa = PBXFileReference; lastKnownFileType = sourcecode.swift; path = Update.swift; sourceTree = "<group>"; };
		60D337C92299A202000AF5C1 /* UpdateAuthorizationState.swift */ = {isa = PBXFileReference; lastKnownFileType = sourcecode.swift; path = UpdateAuthorizationState.swift; sourceTree = "<group>"; };
		60D337CB2299A2D2000AF5C1 /* TGClassContainer.swift */ = {isa = PBXFileReference; lastKnownFileType = sourcecode.swift; path = TGClassContainer.swift; sourceTree = "<group>"; };
		60D337CD2299A575000AF5C1 /* TGSubclassCodable.swift */ = {isa = PBXFileReference; lastKnownFileType = sourcecode.swift; path = TGSubclassCodable.swift; sourceTree = "<group>"; };
		60D337CF2299E122000AF5C1 /* Error.swift */ = {isa = PBXFileReference; lastKnownFileType = sourcecode.swift; path = Error.swift; sourceTree = "<group>"; };
		60D337D32299E4DE000AF5C1 /* DictionaryEncoder.swift */ = {isa = PBXFileReference; lastKnownFileType = sourcecode.swift; path = DictionaryEncoder.swift; sourceTree = "<group>"; };
		D50D4D3E8BD08CF16F27C9D5 /* Pods_Swiftygram.framework */ = {isa = PBXFileReference; explicitFileType = wrapper.framework; includeInIndex = 0; path = Pods_Swiftygram.framework; sourceTree = BUILT_PRODUCTS_DIR; };
/* End PBXFileReference section */

/* Begin PBXFrameworksBuildPhase section */
		60B17D51228D912B005D3A80 /* Frameworks */ = {
			isa = PBXFrameworksBuildPhase;
			buildActionMask = 2147483647;
			files = (
				409FFB1635861DCB3FAFED0A /* Pods_Swiftygram.framework in Frameworks */,
			);
			runOnlyForDeploymentPostprocessing = 0;
		};
/* End PBXFrameworksBuildPhase section */

/* Begin PBXGroup section */
		6027CD0822987D070054AE73 /* Core */ = {
			isa = PBXGroup;
			children = (
				6027CD1122987ED50054AE73 /* TGBaseObject.swift */,
				60B2993B229ABC8100687442 /* TGUpdateObservation.swift */,
				60B17D62228D91A5005D3A80 /* TGClient.swift */,
				60D337C122998380000AF5C1 /* Coder */,
			);
			path = Core;
			sourceTree = "<group>";
		};
		6027CD0D22987DFE0054AE73 /* Functions */ = {
			isa = PBXGroup;
			children = (
				6027CD0B22987DB80054AE73 /* TGFunction.swift */,
				6027CD0E22987E1F0054AE73 /* SetTdlibParameters.swift */,
			);
			path = Functions;
			sourceTree = "<group>";
		};
		6027CD1022987E6F0054AE73 /* Objects */ = {
			isa = PBXGroup;
			children = (
				6027CD0922987D450054AE73 /* TGObject.swift */,
				6027CD15229880970054AE73 /* Ok.swift */,
				60D337CF2299E122000AF5C1 /* Error.swift */,
				6027CD1322987EE20054AE73 /* TdlibParameters.swift */,
				60D337B722997935000AF5C1 /* TermsOfService.swift */,
				60D337BB2299800D000AF5C1 /* FormattedText.swift */,
				60D337BD2299805A000AF5C1 /* TextEntity.swift */,
				60D337B9229979DA000AF5C1 /* AuthenticationCodeInfo.swift */,
				60D337C62299A19D000AF5C1 /* Update */,
			);
			path = Objects;
			sourceTree = "<group>";
		};
		60B17D4A228D912B005D3A80 = {
			isa = PBXGroup;
			children = (
				60B17D56228D912B005D3A80 /* Swiftygram */,
				60B17D5F228D9167005D3A80 /* Frameworks */,
				60B17D55228D912B005D3A80 /* Products */,
				61A670C460DD0618E43820BB /* Pods */,
			);
			sourceTree = "<group>";
		};
		60B17D55228D912B005D3A80 /* Products */ = {
			isa = PBXGroup;
			children = (
				60B17D54228D912B005D3A80 /* Swiftygram.framework */,
			);
			name = Products;
			sourceTree = "<group>";
		};
		60B17D56228D912B005D3A80 /* Swiftygram */ = {
			isa = PBXGroup;
			children = (
				60B17D57228D912B005D3A80 /* Swiftygram.h */,
				60B17D58228D912B005D3A80 /* Info.plist */,
				6027CD0822987D070054AE73 /* Core */,
				6027CD0D22987DFE0054AE73 /* Functions */,
				6027CD1022987E6F0054AE73 /* Objects */,
				60D337B42299759F000AF5C1 /* Enums */,
				6027CD0622987B620054AE73 /* TGLib.swift */,
			);
			path = Swiftygram;
			sourceTree = "<group>";
		};
		60B17D5F228D9167005D3A80 /* Frameworks */ = {
			isa = PBXGroup;
			children = (
				D50D4D3E8BD08CF16F27C9D5 /* Pods_Swiftygram.framework */,
			);
			path = Frameworks;
			sourceTree = "<group>";
		};
		60D337B42299759F000AF5C1 /* Enums */ = {
			isa = PBXGroup;
			children = (
				60D337B5229975B4000AF5C1 /* TGEnum.swift */,
				60D337B222997589000AF5C1 /* AuthorizationState.swift */,
				60D337BF229980F0000AF5C1 /* TextEntityType.swift */,
				60D337C422999ED3000AF5C1 /* AuthenticationCodeType.swift */,
			);
			path = Enums;
			sourceTree = "<group>";
		};
		60D337C122998380000AF5C1 /* Coder */ = {
			isa = PBXGroup;
			children = (
				60B29939229A98B200687442 /* TGCore.swift */,
				60D337C222998393000AF5C1 /* TGTypeKeys.swift */,
				60D337CB2299A2D2000AF5C1 /* TGClassContainer.swift */,
				60D337CD2299A575000AF5C1 /* TGSubclassCodable.swift */,
				605D8EE522A29911004C1784 /* AnyCodingKey.swift */,
				60D337D32299E4DE000AF5C1 /* DictionaryEncoder.swift */,
				60B2993D229ABD6400687442 /* HashableType.swift */,
			);
			path = Coder;
			sourceTree = "<group>";
		};
		60D337C62299A19D000AF5C1 /* Update */ = {
			isa = PBXGroup;
			children = (
				60D337C72299A1A9000AF5C1 /* Update.swift */,
				60D337C92299A202000AF5C1 /* UpdateAuthorizationState.swift */,
			);
			path = Update;
			sourceTree = "<group>";
		};
		61A670C460DD0618E43820BB /* Pods */ = {
			isa = PBXGroup;
			children = (
				5DF26DFEE618FBC4E63EC7AE /* Pods-Swiftygram.debug.xcconfig */,
				54FE8EB415EAB913CC534DEE /* Pods-Swiftygram.release.xcconfig */,
			);
			name = Pods;
			path = ../Pods;
			sourceTree = "<group>";
		};
/* End PBXGroup section */

/* Begin PBXHeadersBuildPhase section */
		60B17D4F228D912B005D3A80 /* Headers */ = {
			isa = PBXHeadersBuildPhase;
			buildActionMask = 2147483647;
			files = (
				60B17D59228D912B005D3A80 /* Swiftygram.h in Headers */,
			);
			runOnlyForDeploymentPostprocessing = 0;
		};
/* End PBXHeadersBuildPhase section */

/* Begin PBXNativeTarget section */
		60B17D53228D912B005D3A80 /* Swiftygram */ = {
			isa = PBXNativeTarget;
			buildConfigurationList = 60B17D5C228D912B005D3A80 /* Build configuration list for PBXNativeTarget "Swiftygram" */;
			buildPhases = (
				4727B87CB79CA2CB7A93ACD2 /* [CP] Check Pods Manifest.lock */,
				60B17D4F228D912B005D3A80 /* Headers */,
				60B17D50228D912B005D3A80 /* Sources */,
				60B17D51228D912B005D3A80 /* Frameworks */,
				60B17D52228D912B005D3A80 /* Resources */,
			);
			buildRules = (
			);
			dependencies = (
			);
			name = Swiftygram;
			productName = Swiftygram;
			productReference = 60B17D54228D912B005D3A80 /* Swiftygram.framework */;
			productType = "com.apple.product-type.framework";
		};
/* End PBXNativeTarget section */

/* Begin PBXProject section */
		60B17D4B228D912B005D3A80 /* Project object */ = {
			isa = PBXProject;
			attributes = {
				LastUpgradeCheck = 1010;
				ORGANIZATIONNAME = KY1VSTAR;
				TargetAttributes = {
					60B17D53228D912B005D3A80 = {
						CreatedOnToolsVersion = 10.1;
						LastSwiftMigration = 1010;
					};
				};
			};
			buildConfigurationList = 60B17D4E228D912B005D3A80 /* Build configuration list for PBXProject "Swiftygram" */;
			compatibilityVersion = "Xcode 9.3";
			developmentRegion = en;
			hasScannedForEncodings = 0;
			knownRegions = (
				en,
			);
			mainGroup = 60B17D4A228D912B005D3A80;
			productRefGroup = 60B17D55228D912B005D3A80 /* Products */;
			projectDirPath = "";
			projectRoot = "";
			targets = (
				60B17D53228D912B005D3A80 /* Swiftygram */,
			);
		};
/* End PBXProject section */

/* Begin PBXResourcesBuildPhase section */
		60B17D52228D912B005D3A80 /* Resources */ = {
			isa = PBXResourcesBuildPhase;
			buildActionMask = 2147483647;
			files = (
			);
			runOnlyForDeploymentPostprocessing = 0;
		};
/* End PBXResourcesBuildPhase section */

/* Begin PBXShellScriptBuildPhase section */
		4727B87CB79CA2CB7A93ACD2 /* [CP] Check Pods Manifest.lock */ = {
			isa = PBXShellScriptBuildPhase;
			buildActionMask = 2147483647;
			files = (
			);
			inputFileListPaths = (
			);
			inputPaths = (
				"${PODS_PODFILE_DIR_PATH}/Podfile.lock",
				"${PODS_ROOT}/Manifest.lock",
			);
			name = "[CP] Check Pods Manifest.lock";
			outputFileListPaths = (
			);
			outputPaths = (
				"$(DERIVED_FILE_DIR)/Pods-Swiftygram-checkManifestLockResult.txt",
			);
			runOnlyForDeploymentPostprocessing = 0;
			shellPath = /bin/sh;
			shellScript = "diff \"${PODS_PODFILE_DIR_PATH}/Podfile.lock\" \"${PODS_ROOT}/Manifest.lock\" > /dev/null\nif [ $? != 0 ] ; then\n    # print error to STDERR\n    echo \"error: The sandbox is not in sync with the Podfile.lock. Run 'pod install' or update your CocoaPods installation.\" >&2\n    exit 1\nfi\n# This output is used by Xcode 'outputs' to avoid re-running this script phase.\necho \"SUCCESS\" > \"${SCRIPT_OUTPUT_FILE_0}\"\n";
			showEnvVarsInLog = 0;
		};
/* End PBXShellScriptBuildPhase section */

/* Begin PBXSourcesBuildPhase section */
		60B17D50228D912B005D3A80 /* Sources */ = {
			isa = PBXSourcesBuildPhase;
			buildActionMask = 2147483647;
			files = (
				60D337D42299E4DE000AF5C1 /* DictionaryEncoder.swift in Sources */,
				60B2993E229ABD6400687442 /* HashableType.swift in Sources */,
				6027CD0C22987DB80054AE73 /* TGFunction.swift in Sources */,
				60D337CA2299A202000AF5C1 /* UpdateAuthorizationState.swift in Sources */,
				60D337C522999ED3000AF5C1 /* AuthenticationCodeType.swift in Sources */,
				60D337BE2299805A000AF5C1 /* TextEntity.swift in Sources */,
				60D337B6229975B4000AF5C1 /* TGEnum.swift in Sources */,
				6027CD0722987B630054AE73 /* TGLib.swift in Sources */,
				60D337C322998393000AF5C1 /* TGTypeKeys.swift in Sources */,
				60B2993C229ABC8100687442 /* TGUpdateObservation.swift in Sources */,
				60D337CE2299A575000AF5C1 /* TGSubclassCodable.swift in Sources */,
				60D337C0229980F0000AF5C1 /* TextEntityType.swift in Sources */,
				6027CD0A22987D450054AE73 /* TGObject.swift in Sources */,
				60D337CC2299A2D2000AF5C1 /* TGClassContainer.swift in Sources */,
				6027CD1422987EE20054AE73 /* TdlibParameters.swift in Sources */,
				6027CD0F22987E1F0054AE73 /* SetTdlibParameters.swift in Sources */,
				60D337BA229979DA000AF5C1 /* AuthenticationCodeInfo.swift in Sources */,
				60D337D02299E122000AF5C1 /* Error.swift in Sources */,
				60D337B322997589000AF5C1 /* AuthorizationState.swift in Sources */,
				60D337C82299A1A9000AF5C1 /* Update.swift in Sources */,
				605D8EE622A29911004C1784 /* AnyCodingKey.swift in Sources */,
				60D337B822997935000AF5C1 /* TermsOfService.swift in Sources */,
				60B2993A229A98B200687442 /* TGCore.swift in Sources */,
				60D337BC2299800D000AF5C1 /* FormattedText.swift in Sources */,
				6027CD16229880970054AE73 /* Ok.swift in Sources */,
				6027CD1222987ED50054AE73 /* TGBaseObject.swift in Sources */,
				60B17D63228D91A5005D3A80 /* TGClient.swift in Sources */,
			);
			runOnlyForDeploymentPostprocessing = 0;
		};
/* End PBXSourcesBuildPhase section */

/* Begin XCBuildConfiguration section */
		60B17D5A228D912B005D3A80 /* Debug */ = {
			isa = XCBuildConfiguration;
			buildSettings = {
				ALWAYS_SEARCH_USER_PATHS = NO;
				CLANG_ANALYZER_NONNULL = YES;
				CLANG_ANALYZER_NUMBER_OBJECT_CONVERSION = YES_AGGRESSIVE;
				CLANG_CXX_LANGUAGE_STANDARD = "gnu++14";
				CLANG_CXX_LIBRARY = "libc++";
				CLANG_ENABLE_MODULES = YES;
				CLANG_ENABLE_OBJC_ARC = YES;
				CLANG_ENABLE_OBJC_WEAK = YES;
				CLANG_WARN_BLOCK_CAPTURE_AUTORELEASING = YES;
				CLANG_WARN_BOOL_CONVERSION = YES;
				CLANG_WARN_COMMA = YES;
				CLANG_WARN_CONSTANT_CONVERSION = YES;
				CLANG_WARN_DEPRECATED_OBJC_IMPLEMENTATIONS = YES;
				CLANG_WARN_DIRECT_OBJC_ISA_USAGE = YES_ERROR;
				CLANG_WARN_DOCUMENTATION_COMMENTS = YES;
				CLANG_WARN_EMPTY_BODY = YES;
				CLANG_WARN_ENUM_CONVERSION = YES;
				CLANG_WARN_INFINITE_RECURSION = YES;
				CLANG_WARN_INT_CONVERSION = YES;
				CLANG_WARN_NON_LITERAL_NULL_CONVERSION = YES;
				CLANG_WARN_OBJC_IMPLICIT_RETAIN_SELF = YES;
				CLANG_WARN_OBJC_LITERAL_CONVERSION = YES;
				CLANG_WARN_OBJC_ROOT_CLASS = YES_ERROR;
				CLANG_WARN_RANGE_LOOP_ANALYSIS = YES;
				CLANG_WARN_STRICT_PROTOTYPES = YES;
				CLANG_WARN_SUSPICIOUS_MOVE = YES;
				CLANG_WARN_UNGUARDED_AVAILABILITY = YES_AGGRESSIVE;
				CLANG_WARN_UNREACHABLE_CODE = YES;
				CLANG_WARN__DUPLICATE_METHOD_MATCH = YES;
				CODE_SIGN_IDENTITY = "iPhone Developer";
				COPY_PHASE_STRIP = NO;
				CURRENT_PROJECT_VERSION = 1;
				DEBUG_INFORMATION_FORMAT = dwarf;
				ENABLE_STRICT_OBJC_MSGSEND = YES;
				ENABLE_TESTABILITY = YES;
				GCC_C_LANGUAGE_STANDARD = gnu11;
				GCC_DYNAMIC_NO_PIC = NO;
				GCC_NO_COMMON_BLOCKS = YES;
				GCC_OPTIMIZATION_LEVEL = 0;
				GCC_PREPROCESSOR_DEFINITIONS = (
					"DEBUG=1",
					"$(inherited)",
				);
				GCC_WARN_64_TO_32_BIT_CONVERSION = YES;
				GCC_WARN_ABOUT_RETURN_TYPE = YES_ERROR;
				GCC_WARN_UNDECLARED_SELECTOR = YES;
				GCC_WARN_UNINITIALIZED_AUTOS = YES_AGGRESSIVE;
				GCC_WARN_UNUSED_FUNCTION = YES;
				GCC_WARN_UNUSED_VARIABLE = YES;
				IPHONEOS_DEPLOYMENT_TARGET = 8.0;
				MTL_ENABLE_DEBUG_INFO = INCLUDE_SOURCE;
				MTL_FAST_MATH = YES;
				ONLY_ACTIVE_ARCH = YES;
				SDKROOT = iphoneos;
				SWIFT_ACTIVE_COMPILATION_CONDITIONS = DEBUG;
				SWIFT_OPTIMIZATION_LEVEL = "-Onone";
				VERSIONING_SYSTEM = "apple-generic";
				VERSION_INFO_PREFIX = "";
			};
			name = Debug;
		};
		60B17D5B228D912B005D3A80 /* Release */ = {
			isa = XCBuildConfiguration;
			buildSettings = {
				ALWAYS_SEARCH_USER_PATHS = NO;
				CLANG_ANALYZER_NONNULL = YES;
				CLANG_ANALYZER_NUMBER_OBJECT_CONVERSION = YES_AGGRESSIVE;
				CLANG_CXX_LANGUAGE_STANDARD = "gnu++14";
				CLANG_CXX_LIBRARY = "libc++";
				CLANG_ENABLE_MODULES = YES;
				CLANG_ENABLE_OBJC_ARC = YES;
				CLANG_ENABLE_OBJC_WEAK = YES;
				CLANG_WARN_BLOCK_CAPTURE_AUTORELEASING = YES;
				CLANG_WARN_BOOL_CONVERSION = YES;
				CLANG_WARN_COMMA = YES;
				CLANG_WARN_CONSTANT_CONVERSION = YES;
				CLANG_WARN_DEPRECATED_OBJC_IMPLEMENTATIONS = YES;
				CLANG_WARN_DIRECT_OBJC_ISA_USAGE = YES_ERROR;
				CLANG_WARN_DOCUMENTATION_COMMENTS = YES;
				CLANG_WARN_EMPTY_BODY = YES;
				CLANG_WARN_ENUM_CONVERSION = YES;
				CLANG_WARN_INFINITE_RECURSION = YES;
				CLANG_WARN_INT_CONVERSION = YES;
				CLANG_WARN_NON_LITERAL_NULL_CONVERSION = YES;
				CLANG_WARN_OBJC_IMPLICIT_RETAIN_SELF = YES;
				CLANG_WARN_OBJC_LITERAL_CONVERSION = YES;
				CLANG_WARN_OBJC_ROOT_CLASS = YES_ERROR;
				CLANG_WARN_RANGE_LOOP_ANALYSIS = YES;
				CLANG_WARN_STRICT_PROTOTYPES = YES;
				CLANG_WARN_SUSPICIOUS_MOVE = YES;
				CLANG_WARN_UNGUARDED_AVAILABILITY = YES_AGGRESSIVE;
				CLANG_WARN_UNREACHABLE_CODE = YES;
				CLANG_WARN__DUPLICATE_METHOD_MATCH = YES;
				CODE_SIGN_IDENTITY = "iPhone Developer";
				COPY_PHASE_STRIP = NO;
				CURRENT_PROJECT_VERSION = 1;
				DEBUG_INFORMATION_FORMAT = "dwarf-with-dsym";
				ENABLE_NS_ASSERTIONS = NO;
				ENABLE_STRICT_OBJC_MSGSEND = YES;
				GCC_C_LANGUAGE_STANDARD = gnu11;
				GCC_NO_COMMON_BLOCKS = YES;
				GCC_WARN_64_TO_32_BIT_CONVERSION = YES;
				GCC_WARN_ABOUT_RETURN_TYPE = YES_ERROR;
				GCC_WARN_UNDECLARED_SELECTOR = YES;
				GCC_WARN_UNINITIALIZED_AUTOS = YES_AGGRESSIVE;
				GCC_WARN_UNUSED_FUNCTION = YES;
				GCC_WARN_UNUSED_VARIABLE = YES;
				IPHONEOS_DEPLOYMENT_TARGET = 8.0;
				MTL_ENABLE_DEBUG_INFO = NO;
				MTL_FAST_MATH = YES;
				SDKROOT = iphoneos;
				SWIFT_COMPILATION_MODE = wholemodule;
				SWIFT_OPTIMIZATION_LEVEL = "-O";
				VALIDATE_PRODUCT = YES;
				VERSIONING_SYSTEM = "apple-generic";
				VERSION_INFO_PREFIX = "";
			};
			name = Release;
		};
		60B17D5D228D912B005D3A80 /* Debug */ = {
			isa = XCBuildConfiguration;
			baseConfigurationReference = 5DF26DFEE618FBC4E63EC7AE /* Pods-Swiftygram.debug.xcconfig */;
			buildSettings = {
				CLANG_ENABLE_MODULES = YES;
				CODE_SIGN_IDENTITY = "";
				CODE_SIGN_STYLE = Manual;
				DEFINES_MODULE = YES;
				DEVELOPMENT_TEAM = "";
				DYLIB_COMPATIBILITY_VERSION = 1;
				DYLIB_CURRENT_VERSION = 1;
				DYLIB_INSTALL_NAME_BASE = "@rpath";
				FRAMEWORK_SEARCH_PATHS = (
					"$(inherited)",
					"$(PROJECT_DIR)/Frameworks",
				);
				INFOPLIST_FILE = Swiftygram/Info.plist;
				INSTALL_PATH = "$(LOCAL_LIBRARY_DIR)/Frameworks";
				IPHONEOS_DEPLOYMENT_TARGET = 8.0;
				LD_RUNPATH_SEARCH_PATHS = (
					"$(inherited)",
					"@executable_path/Frameworks",
					"@loader_path/Frameworks",
				);
				PRODUCT_BUNDLE_IDENTIFIER = ua.ky1vstar.Swiftygram;
				PRODUCT_NAME = "$(TARGET_NAME:c99extidentifier)";
				PROVISIONING_PROFILE_SPECIFIER = "";
				SKIP_INSTALL = YES;
				SWIFT_OPTIMIZATION_LEVEL = "-Onone";
				SWIFT_VERSION = 4.2;
				TARGETED_DEVICE_FAMILY = "1,2";
			};
			name = Debug;
		};
		60B17D5E228D912B005D3A80 /* Release */ = {
			isa = XCBuildConfiguration;
			baseConfigurationReference = 54FE8EB415EAB913CC534DEE /* Pods-Swiftygram.release.xcconfig */;
			buildSettings = {
				CLANG_ENABLE_MODULES = YES;
				CODE_SIGN_IDENTITY = "";
				CODE_SIGN_STYLE = Manual;
				DEFINES_MODULE = YES;
				DEVELOPMENT_TEAM = "";
				DYLIB_COMPATIBILITY_VERSION = 1;
				DYLIB_CURRENT_VERSION = 1;
				DYLIB_INSTALL_NAME_BASE = "@rpath";
				FRAMEWORK_SEARCH_PATHS = (
					"$(inherited)",
					"$(PROJECT_DIR)/Frameworks",
				);
				INFOPLIST_FILE = Swiftygram/Info.plist;
				INSTALL_PATH = "$(LOCAL_LIBRARY_DIR)/Frameworks";
				IPHONEOS_DEPLOYMENT_TARGET = 8.0;
				LD_RUNPATH_SEARCH_PATHS = (
					"$(inherited)",
					"@executable_path/Frameworks",
					"@loader_path/Frameworks",
				);
				PRODUCT_BUNDLE_IDENTIFIER = ua.ky1vstar.Swiftygram;
				PRODUCT_NAME = "$(TARGET_NAME:c99extidentifier)";
				PROVISIONING_PROFILE_SPECIFIER = "";
				SKIP_INSTALL = YES;
				SWIFT_VERSION = 4.2;
				TARGETED_DEVICE_FAMILY = "1,2";
			};
			name = Release;
		};
/* End XCBuildConfiguration section */

/* Begin XCConfigurationList section */
		60B17D4E228D912B005D3A80 /* Build configuration list for PBXProject "Swiftygram" */ = {
			isa = XCConfigurationList;
			buildConfigurations = (
				60B17D5A228D912B005D3A80 /* Debug */,
				60B17D5B228D912B005D3A80 /* Release */,
			);
			defaultConfigurationIsVisible = 0;
			defaultConfigurationName = Release;
		};
		60B17D5C228D912B005D3A80 /* Build configuration list for PBXNativeTarget "Swiftygram" */ = {
			isa = XCConfigurationList;
			buildConfigurations = (
				60B17D5D228D912B005D3A80 /* Debug */,
				60B17D5E228D912B005D3A80 /* Release */,
			);
			defaultConfigurationIsVisible = 0;
			defaultConfigurationName = Release;
		};
/* End XCConfigurationList section */
	};
	rootObject = 60B17D4B228D912B005D3A80 /* Project object */;
}
