// !$*UTF8*$!
{
	archiveVersion = 1;
	classes = {
	};
	objectVersion = 51;
	objects = {

/* Begin PBXBuildFile section */
		28E65DB19F4965A077A52F5C /* libPods-Swiftygram Example macOS.a in Frameworks */ = {isa = PBXBuildFile; fileRef = 91C0F30CD22CF500DB427357 /* libPods-Swiftygram Example macOS.a */; };
		3063F39B22EEDAAC0084AFDF /* main.swift in Sources */ = {isa = PBXBuildFile; fileRef = 3063F39A22EEDAAC0084AFDF /* main.swift */; };
		603204E622DA15AC00DA0270 /* TestViewController.swift in Sources */ = {isa = PBXBuildFile; fileRef = 603204E522DA15AC00DA0270 /* TestViewController.swift */; };
		603204E822DA165300DA0270 /* Test2ViewController.swift in Sources */ = {isa = PBXBuildFile; fileRef = 603204E722DA165300DA0270 /* Test2ViewController.swift */; };
		60CB29D9228CC548000E711A /* AppDelegate.swift in Sources */ = {isa = PBXBuildFile; fileRef = 60CB29D8228CC548000E711A /* AppDelegate.swift */; };
		60CB29DB228CC548000E711A /* ViewController.swift in Sources */ = {isa = PBXBuildFile; fileRef = 60CB29DA228CC548000E711A /* ViewController.swift */; };
		60CB29DE228CC548000E711A /* Main.storyboard in Resources */ = {isa = PBXBuildFile; fileRef = 60CB29DC228CC548000E711A /* Main.storyboard */; };
		60CB29E0228CC548000E711A /* Assets.xcassets in Resources */ = {isa = PBXBuildFile; fileRef = 60CB29DF228CC548000E711A /* Assets.xcassets */; };
		60CB29E3228CC548000E711A /* LaunchScreen.storyboard in Resources */ = {isa = PBXBuildFile; fileRef = 60CB29E1228CC548000E711A /* LaunchScreen.storyboard */; };
		95241F3AE42E68F2A118C280 /* Pods_Swiftygram_Example_iOS.framework in Frameworks */ = {isa = PBXBuildFile; fileRef = C907798F7EBF7AFC41AB6979 /* Pods_Swiftygram_Example_iOS.framework */; };
/* End PBXBuildFile section */

/* Begin PBXCopyFilesBuildPhase section */
		3063F39622EEDAAC0084AFDF /* CopyFiles */ = {
			isa = PBXCopyFilesBuildPhase;
			buildActionMask = 2147483647;
			dstPath = /usr/share/man/man1/;
			dstSubfolderSpec = 0;
			files = (
			);
			runOnlyForDeploymentPostprocessing = 1;
		};
		60B17D67228D91D1005D3A80 /* Embed Frameworks */ = {
			isa = PBXCopyFilesBuildPhase;
			buildActionMask = 2147483647;
			dstPath = "";
			dstSubfolderSpec = 10;
			files = (
			);
			name = "Embed Frameworks";
			runOnlyForDeploymentPostprocessing = 0;
		};
/* End PBXCopyFilesBuildPhase section */

/* Begin PBXFileReference section */
		00E8EA5F7CB6E3E649DCFF22 /* Pods-Swiftygram Example iOS.debug.xcconfig */ = {isa = PBXFileReference; includeInIndex = 1; lastKnownFileType = text.xcconfig; name = "Pods-Swiftygram Example iOS.debug.xcconfig"; path = "Target Support Files/Pods-Swiftygram Example iOS/Pods-Swiftygram Example iOS.debug.xcconfig"; sourceTree = "<group>"; };
		3063F39822EEDAAC0084AFDF /* Swiftygram Example macOS */ = {isa = PBXFileReference; explicitFileType = "compiled.mach-o.executable"; includeInIndex = 0; path = "Swiftygram Example macOS"; sourceTree = BUILT_PRODUCTS_DIR; };
		3063F39A22EEDAAC0084AFDF /* main.swift */ = {isa = PBXFileReference; lastKnownFileType = sourcecode.swift; path = main.swift; sourceTree = "<group>"; };
		3376F2E41BC49B5AE274AEA9 /* Pods-Swiftygram Example.debug.xcconfig */ = {isa = PBXFileReference; includeInIndex = 1; lastKnownFileType = text.xcconfig; name = "Pods-Swiftygram Example.debug.xcconfig"; path = "Target Support Files/Pods-Swiftygram Example/Pods-Swiftygram Example.debug.xcconfig"; sourceTree = "<group>"; };
		5BC35CA65405755CB5CDCE03 /* Pods-Swiftygram Example macOS.release.xcconfig */ = {isa = PBXFileReference; includeInIndex = 1; lastKnownFileType = text.xcconfig; name = "Pods-Swiftygram Example macOS.release.xcconfig"; path = "Target Support Files/Pods-Swiftygram Example macOS/Pods-Swiftygram Example macOS.release.xcconfig"; sourceTree = "<group>"; };
		603204E522DA15AC00DA0270 /* TestViewController.swift */ = {isa = PBXFileReference; lastKnownFileType = sourcecode.swift; path = TestViewController.swift; sourceTree = "<group>"; };
		603204E722DA165300DA0270 /* Test2ViewController.swift */ = {isa = PBXFileReference; lastKnownFileType = sourcecode.swift; path = Test2ViewController.swift; sourceTree = "<group>"; };
		60CB29D5228CC548000E711A /* Swiftygram Example iOS.app */ = {isa = PBXFileReference; explicitFileType = wrapper.application; includeInIndex = 0; path = "Swiftygram Example iOS.app"; sourceTree = BUILT_PRODUCTS_DIR; };
		60CB29D8228CC548000E711A /* AppDelegate.swift */ = {isa = PBXFileReference; lastKnownFileType = sourcecode.swift; path = AppDelegate.swift; sourceTree = "<group>"; };
		60CB29DA228CC548000E711A /* ViewController.swift */ = {isa = PBXFileReference; lastKnownFileType = sourcecode.swift; path = ViewController.swift; sourceTree = "<group>"; };
		60CB29DD228CC548000E711A /* Base */ = {isa = PBXFileReference; lastKnownFileType = file.storyboard; name = Base; path = Base.lproj/Main.storyboard; sourceTree = "<group>"; };
		60CB29DF228CC548000E711A /* Assets.xcassets */ = {isa = PBXFileReference; lastKnownFileType = folder.assetcatalog; path = Assets.xcassets; sourceTree = "<group>"; };
		60CB29E2228CC548000E711A /* Base */ = {isa = PBXFileReference; lastKnownFileType = file.storyboard; name = Base; path = Base.lproj/LaunchScreen.storyboard; sourceTree = "<group>"; };
		60CB29E4228CC548000E711A /* Info.plist */ = {isa = PBXFileReference; lastKnownFileType = text.plist.xml; path = Info.plist; sourceTree = "<group>"; };
		828E96745F8F78E33E734B69 /* Pods-Swiftygram Example.release.xcconfig */ = {isa = PBXFileReference; includeInIndex = 1; lastKnownFileType = text.xcconfig; name = "Pods-Swiftygram Example.release.xcconfig"; path = "Target Support Files/Pods-Swiftygram Example/Pods-Swiftygram Example.release.xcconfig"; sourceTree = "<group>"; };
		91C0F30CD22CF500DB427357 /* libPods-Swiftygram Example macOS.a */ = {isa = PBXFileReference; explicitFileType = archive.ar; includeInIndex = 0; path = "libPods-Swiftygram Example macOS.a"; sourceTree = BUILT_PRODUCTS_DIR; };
		B0965D633BF5C00C54A286FA /* Pods-Swiftygram Example macOS.debug.xcconfig */ = {isa = PBXFileReference; includeInIndex = 1; lastKnownFileType = text.xcconfig; name = "Pods-Swiftygram Example macOS.debug.xcconfig"; path = "Target Support Files/Pods-Swiftygram Example macOS/Pods-Swiftygram Example macOS.debug.xcconfig"; sourceTree = "<group>"; };
		B8EE3C276F722EEE928663FD /* Pods-Swiftygram Example iOS.release.xcconfig */ = {isa = PBXFileReference; includeInIndex = 1; lastKnownFileType = text.xcconfig; name = "Pods-Swiftygram Example iOS.release.xcconfig"; path = "Target Support Files/Pods-Swiftygram Example iOS/Pods-Swiftygram Example iOS.release.xcconfig"; sourceTree = "<group>"; };
		C907798F7EBF7AFC41AB6979 /* Pods_Swiftygram_Example_iOS.framework */ = {isa = PBXFileReference; explicitFileType = wrapper.framework; includeInIndex = 0; path = Pods_Swiftygram_Example_iOS.framework; sourceTree = BUILT_PRODUCTS_DIR; };
/* End PBXFileReference section */

/* Begin PBXFrameworksBuildPhase section */
		3063F39522EEDAAC0084AFDF /* Frameworks */ = {
			isa = PBXFrameworksBuildPhase;
			buildActionMask = 2147483647;
			files = (
				28E65DB19F4965A077A52F5C /* libPods-Swiftygram Example macOS.a in Frameworks */,
			);
			runOnlyForDeploymentPostprocessing = 0;
		};
		60CB29D2228CC548000E711A /* Frameworks */ = {
			isa = PBXFrameworksBuildPhase;
			buildActionMask = 2147483647;
			files = (
				95241F3AE42E68F2A118C280 /* Pods_Swiftygram_Example_iOS.framework in Frameworks */,
			);
			runOnlyForDeploymentPostprocessing = 0;
		};
/* End PBXFrameworksBuildPhase section */

/* Begin PBXGroup section */
		3063F39922EEDAAC0084AFDF /* Swiftygram Example macOS */ = {
			isa = PBXGroup;
			children = (
				3063F39A22EEDAAC0084AFDF /* main.swift */,
			);
			path = "Swiftygram Example macOS";
			sourceTree = "<group>";
		};
		57AEBCE4BE0357824B328314 /* Frameworks */ = {
			isa = PBXGroup;
			children = (
				C907798F7EBF7AFC41AB6979 /* Pods_Swiftygram_Example_iOS.framework */,
				91C0F30CD22CF500DB427357 /* libPods-Swiftygram Example macOS.a */,
			);
			name = Frameworks;
			sourceTree = "<group>";
		};
		60CB29CC228CC548000E711A = {
			isa = PBXGroup;
			children = (
				60CB29D7228CC548000E711A /* Swiftygram Example iOS */,
				3063F39922EEDAAC0084AFDF /* Swiftygram Example macOS */,
				60CB29D6228CC548000E711A /* Products */,
				6D44F8C80DA2787890D897BE /* Pods */,
				57AEBCE4BE0357824B328314 /* Frameworks */,
			);
			sourceTree = "<group>";
		};
		60CB29D6228CC548000E711A /* Products */ = {
			isa = PBXGroup;
			children = (
				60CB29D5228CC548000E711A /* Swiftygram Example iOS.app */,
				3063F39822EEDAAC0084AFDF /* Swiftygram Example macOS */,
			);
			name = Products;
			sourceTree = "<group>";
		};
		60CB29D7228CC548000E711A /* Swiftygram Example iOS */ = {
			isa = PBXGroup;
			children = (
				60CB29D8228CC548000E711A /* AppDelegate.swift */,
				60CB29DA228CC548000E711A /* ViewController.swift */,
				603204E522DA15AC00DA0270 /* TestViewController.swift */,
				603204E722DA165300DA0270 /* Test2ViewController.swift */,
				60CB29DC228CC548000E711A /* Main.storyboard */,
				60CB29DF228CC548000E711A /* Assets.xcassets */,
				60CB29E1228CC548000E711A /* LaunchScreen.storyboard */,
				60CB29E4228CC548000E711A /* Info.plist */,
			);
			path = "Swiftygram Example iOS";
			sourceTree = "<group>";
		};
		6D44F8C80DA2787890D897BE /* Pods */ = {
			isa = PBXGroup;
			children = (
				3376F2E41BC49B5AE274AEA9 /* Pods-Swiftygram Example.debug.xcconfig */,
				828E96745F8F78E33E734B69 /* Pods-Swiftygram Example.release.xcconfig */,
				00E8EA5F7CB6E3E649DCFF22 /* Pods-Swiftygram Example iOS.debug.xcconfig */,
				B8EE3C276F722EEE928663FD /* Pods-Swiftygram Example iOS.release.xcconfig */,
				B0965D633BF5C00C54A286FA /* Pods-Swiftygram Example macOS.debug.xcconfig */,
				5BC35CA65405755CB5CDCE03 /* Pods-Swiftygram Example macOS.release.xcconfig */,
			);
			path = Pods;
			sourceTree = "<group>";
		};
/* End PBXGroup section */

/* Begin PBXNativeTarget section */
		3063F39722EEDAAC0084AFDF /* Swiftygram Example macOS */ = {
			isa = PBXNativeTarget;
			buildConfigurationList = 3063F39C22EEDAAC0084AFDF /* Build configuration list for PBXNativeTarget "Swiftygram Example macOS" */;
			buildPhases = (
				AE72B7AE343DF3E0821C9148 /* [CP] Check Pods Manifest.lock */,
				3063F39422EEDAAC0084AFDF /* Sources */,
				3063F39522EEDAAC0084AFDF /* Frameworks */,
				3063F39622EEDAAC0084AFDF /* CopyFiles */,
			);
			buildRules = (
			);
			dependencies = (
			);
			name = "Swiftygram Example macOS";
			productName = "Swiftygram Example macOS";
			productReference = 3063F39822EEDAAC0084AFDF /* Swiftygram Example macOS */;
			productType = "com.apple.product-type.tool";
		};
		60CB29D4228CC548000E711A /* Swiftygram Example iOS */ = {
			isa = PBXNativeTarget;
			buildConfigurationList = 60CB29E7228CC548000E711A /* Build configuration list for PBXNativeTarget "Swiftygram Example iOS" */;
			buildPhases = (
				344998C0825A0654BDA0E93C /* [CP] Check Pods Manifest.lock */,
				60CB29D1228CC548000E711A /* Sources */,
				60CB29D2228CC548000E711A /* Frameworks */,
				60CB29D3228CC548000E711A /* Resources */,
				60B17D67228D91D1005D3A80 /* Embed Frameworks */,
				7A6500DD7A128BB1A0C602D7 /* [CP] Embed Pods Frameworks */,
			);
			buildRules = (
			);
			dependencies = (
			);
			name = "Swiftygram Example iOS";
			productName = "Swiftygram Example";
			productReference = 60CB29D5228CC548000E711A /* Swiftygram Example iOS.app */;
			productType = "com.apple.product-type.application";
		};
/* End PBXNativeTarget section */

/* Begin PBXProject section */
		60CB29CD228CC548000E711A /* Project object */ = {
			isa = PBXProject;
			attributes = {
				LastSwiftUpdateCheck = 1020;
				LastUpgradeCheck = 1010;
				ORGANIZATIONNAME = KY1VSTAR;
				TargetAttributes = {
					3063F39722EEDAAC0084AFDF = {
						CreatedOnToolsVersion = 10.2.1;
					};
					60CB29D4228CC548000E711A = {
						CreatedOnToolsVersion = 10.1;
					};
				};
			};
			buildConfigurationList = 60CB29D0228CC548000E711A /* Build configuration list for PBXProject "Swiftygram Example" */;
			compatibilityVersion = "Xcode 9.3";
			developmentRegion = en;
			hasScannedForEncodings = 0;
			knownRegions = (
				en,
				Base,
			);
			mainGroup = 60CB29CC228CC548000E711A;
			productRefGroup = 60CB29D6228CC548000E711A /* Products */;
			projectDirPath = "";
			projectRoot = "";
			targets = (
				60CB29D4228CC548000E711A /* Swiftygram Example iOS */,
				3063F39722EEDAAC0084AFDF /* Swiftygram Example macOS */,
			);
		};
/* End PBXProject section */

/* Begin PBXResourcesBuildPhase section */
		60CB29D3228CC548000E711A /* Resources */ = {
			isa = PBXResourcesBuildPhase;
			buildActionMask = 2147483647;
			files = (
				60CB29E3228CC548000E711A /* LaunchScreen.storyboard in Resources */,
				60CB29E0228CC548000E711A /* Assets.xcassets in Resources */,
				60CB29DE228CC548000E711A /* Main.storyboard in Resources */,
			);
			runOnlyForDeploymentPostprocessing = 0;
		};
/* End PBXResourcesBuildPhase section */

/* Begin PBXShellScriptBuildPhase section */
		344998C0825A0654BDA0E93C /* [CP] Check Pods Manifest.lock */ = {
			isa = PBXShellScriptBuildPhase;
			buildActionMask = 2147483647;
			files = (
			);
			inputFileListPaths = (
			);
			inputPaths = (
				"${PODS_PODFILE_DIR_PATH}/Podfile.lock",
				"${PODS_ROOT}/Manifest.lock",
			);
			name = "[CP] Check Pods Manifest.lock";
			outputFileListPaths = (
			);
			outputPaths = (
				"$(DERIVED_FILE_DIR)/Pods-Swiftygram Example iOS-checkManifestLockResult.txt",
			);
			runOnlyForDeploymentPostprocessing = 0;
			shellPath = /bin/sh;
			shellScript = "diff \"${PODS_PODFILE_DIR_PATH}/Podfile.lock\" \"${PODS_ROOT}/Manifest.lock\" > /dev/null\nif [ $? != 0 ] ; then\n    # print error to STDERR\n    echo \"error: The sandbox is not in sync with the Podfile.lock. Run 'pod install' or update your CocoaPods installation.\" >&2\n    exit 1\nfi\n# This output is used by Xcode 'outputs' to avoid re-running this script phase.\necho \"SUCCESS\" > \"${SCRIPT_OUTPUT_FILE_0}\"\n";
			showEnvVarsInLog = 0;
		};
		7A6500DD7A128BB1A0C602D7 /* [CP] Embed Pods Frameworks */ = {
			isa = PBXShellScriptBuildPhase;
			buildActionMask = 2147483647;
			files = (
			);
			inputFileListPaths = (
				"${PODS_ROOT}/Target Support Files/Pods-Swiftygram Example iOS/Pods-Swiftygram Example iOS-frameworks-${CONFIGURATION}-input-files.xcfilelist",
			);
			name = "[CP] Embed Pods Frameworks";
			outputFileListPaths = (
				"${PODS_ROOT}/Target Support Files/Pods-Swiftygram Example iOS/Pods-Swiftygram Example iOS-frameworks-${CONFIGURATION}-output-files.xcfilelist",
			);
			runOnlyForDeploymentPostprocessing = 0;
			shellPath = /bin/sh;
			shellScript = "\"${PODS_ROOT}/Target Support Files/Pods-Swiftygram Example iOS/Pods-Swiftygram Example iOS-frameworks.sh\"\n";
			showEnvVarsInLog = 0;
		};
		AE72B7AE343DF3E0821C9148 /* [CP] Check Pods Manifest.lock */ = {
			isa = PBXShellScriptBuildPhase;
			buildActionMask = 2147483647;
			files = (
			);
			inputFileListPaths = (
			);
			inputPaths = (
				"${PODS_PODFILE_DIR_PATH}/Podfile.lock",
				"${PODS_ROOT}/Manifest.lock",
			);
			name = "[CP] Check Pods Manifest.lock";
			outputFileListPaths = (
			);
			outputPaths = (
				"$(DERIVED_FILE_DIR)/Pods-Swiftygram Example macOS-checkManifestLockResult.txt",
			);
			runOnlyForDeploymentPostprocessing = 0;
			shellPath = /bin/sh;
			shellScript = "diff \"${PODS_PODFILE_DIR_PATH}/Podfile.lock\" \"${PODS_ROOT}/Manifest.lock\" > /dev/null\nif [ $? != 0 ] ; then\n    # print error to STDERR\n    echo \"error: The sandbox is not in sync with the Podfile.lock. Run 'pod install' or update your CocoaPods installation.\" >&2\n    exit 1\nfi\n# This output is used by Xcode 'outputs' to avoid re-running this script phase.\necho \"SUCCESS\" > \"${SCRIPT_OUTPUT_FILE_0}\"\n";
			showEnvVarsInLog = 0;
		};
/* End PBXShellScriptBuildPhase section */

/* Begin PBXSourcesBuildPhase section */
		3063F39422EEDAAC0084AFDF /* Sources */ = {
			isa = PBXSourcesBuildPhase;
			buildActionMask = 2147483647;
			files = (
				3063F39B22EEDAAC0084AFDF /* main.swift in Sources */,
			);
			runOnlyForDeploymentPostprocessing = 0;
		};
		60CB29D1228CC548000E711A /* Sources */ = {
			isa = PBXSourcesBuildPhase;
			buildActionMask = 2147483647;
			files = (
				60CB29DB228CC548000E711A /* ViewController.swift in Sources */,
				603204E822DA165300DA0270 /* Test2ViewController.swift in Sources */,
				603204E622DA15AC00DA0270 /* TestViewController.swift in Sources */,
				60CB29D9228CC548000E711A /* AppDelegate.swift in Sources */,
			);
			runOnlyForDeploymentPostprocessing = 0;
		};
/* End PBXSourcesBuildPhase section */

/* Begin PBXVariantGroup section */
		60CB29DC228CC548000E711A /* Main.storyboard */ = {
			isa = PBXVariantGroup;
			children = (
				60CB29DD228CC548000E711A /* Base */,
			);
			name = Main.storyboard;
			sourceTree = "<group>";
		};
		60CB29E1228CC548000E711A /* LaunchScreen.storyboard */ = {
			isa = PBXVariantGroup;
			children = (
				60CB29E2228CC548000E711A /* Base */,
			);
			name = LaunchScreen.storyboard;
			sourceTree = "<group>";
		};
/* End PBXVariantGroup section */

/* Begin XCBuildConfiguration section */
		3063F39D22EEDAAC0084AFDF /* Debug */ = {
			isa = XCBuildConfiguration;
			baseConfigurationReference = B0965D633BF5C00C54A286FA /* Pods-Swiftygram Example macOS.debug.xcconfig */;
			buildSettings = {
				CODE_SIGN_IDENTITY = "Mac Developer";
				CODE_SIGN_STYLE = Automatic;
				DEVELOPMENT_TEAM = 2AMWN7U7M9;
				MACOSX_DEPLOYMENT_TARGET = 10.10;
				PRODUCT_NAME = "$(TARGET_NAME)";
				SDKROOT = macosx;
				SWIFT_VERSION = 5.0;
			};
			name = Debug;
		};
		3063F39E22EEDAAC0084AFDF /* Release */ = {
			isa = XCBuildConfiguration;
			baseConfigurationReference = 5BC35CA65405755CB5CDCE03 /* Pods-Swiftygram Example macOS.release.xcconfig */;
			buildSettings = {
				CODE_SIGN_IDENTITY = "Mac Developer";
				CODE_SIGN_STYLE = Automatic;
				DEVELOPMENT_TEAM = 2AMWN7U7M9;
				MACOSX_DEPLOYMENT_TARGET = 10.10;
				PRODUCT_NAME = "$(TARGET_NAME)";
				SDKROOT = macosx;
				SWIFT_VERSION = 5.0;
			};
			name = Release;
		};
		60CB29E5228CC548000E711A /* Debug */ = {
			isa = XCBuildConfiguration;
			buildSettings = {
				ALWAYS_SEARCH_USER_PATHS = NO;
				CLANG_ANALYZER_NONNULL = YES;
				CLANG_ANALYZER_NUMBER_OBJECT_CONVERSION = YES_AGGRESSIVE;
				CLANG_CXX_LANGUAGE_STANDARD = "gnu++14";
				CLANG_CXX_LIBRARY = "libc++";
				CLANG_ENABLE_MODULES = YES;
				CLANG_ENABLE_OBJC_ARC = YES;
				CLANG_ENABLE_OBJC_WEAK = YES;
				CLANG_WARN_BLOCK_CAPTURE_AUTORELEASING = YES;
				CLANG_WARN_BOOL_CONVERSION = YES;
				CLANG_WARN_COMMA = YES;
				CLANG_WARN_CONSTANT_CONVERSION = YES;
				CLANG_WARN_DEPRECATED_OBJC_IMPLEMENTATIONS = YES;
				CLANG_WARN_DIRECT_OBJC_ISA_USAGE = YES_ERROR;
				CLANG_WARN_DOCUMENTATION_COMMENTS = YES;
				CLANG_WARN_EMPTY_BODY = YES;
				CLANG_WARN_ENUM_CONVERSION = YES;
				CLANG_WARN_INFINITE_RECURSION = YES;
				CLANG_WARN_INT_CONVERSION = YES;
				CLANG_WARN_NON_LITERAL_NULL_CONVERSION = YES;
				CLANG_WARN_OBJC_IMPLICIT_RETAIN_SELF = YES;
				CLANG_WARN_OBJC_LITERAL_CONVERSION = YES;
				CLANG_WARN_OBJC_ROOT_CLASS = YES_ERROR;
				CLANG_WARN_RANGE_LOOP_ANALYSIS = YES;
				CLANG_WARN_STRICT_PROTOTYPES = YES;
				CLANG_WARN_SUSPICIOUS_MOVE = YES;
				CLANG_WARN_UNGUARDED_AVAILABILITY = YES_AGGRESSIVE;
				CLANG_WARN_UNREACHABLE_CODE = YES;
				CLANG_WARN__DUPLICATE_METHOD_MATCH = YES;
				CODE_SIGN_IDENTITY = "iPhone Developer";
				COPY_PHASE_STRIP = NO;
				DEBUG_INFORMATION_FORMAT = dwarf;
				ENABLE_STRICT_OBJC_MSGSEND = YES;
				ENABLE_TESTABILITY = YES;
				GCC_C_LANGUAGE_STANDARD = gnu11;
				GCC_DYNAMIC_NO_PIC = NO;
				GCC_NO_COMMON_BLOCKS = YES;
				GCC_OPTIMIZATION_LEVEL = 0;
				GCC_PREPROCESSOR_DEFINITIONS = (
					"DEBUG=1",
					"$(inherited)",
				);
				GCC_WARN_64_TO_32_BIT_CONVERSION = YES;
				GCC_WARN_ABOUT_RETURN_TYPE = YES_ERROR;
				GCC_WARN_UNDECLARED_SELECTOR = YES;
				GCC_WARN_UNINITIALIZED_AUTOS = YES_AGGRESSIVE;
				GCC_WARN_UNUSED_FUNCTION = YES;
				GCC_WARN_UNUSED_VARIABLE = YES;
				IPHONEOS_DEPLOYMENT_TARGET = 9.0;
				MTL_ENABLE_DEBUG_INFO = INCLUDE_SOURCE;
				MTL_FAST_MATH = YES;
				ONLY_ACTIVE_ARCH = YES;
				SDKROOT = iphoneos;
				SWIFT_ACTIVE_COMPILATION_CONDITIONS = DEBUG;
				SWIFT_OPTIMIZATION_LEVEL = "-Onone";
			};
			name = Debug;
		};
		60CB29E6228CC548000E711A /* Release */ = {
			isa = XCBuildConfiguration;
			buildSettings = {
				ALWAYS_SEARCH_USER_PATHS = NO;
				CLANG_ANALYZER_NONNULL = YES;
				CLANG_ANALYZER_NUMBER_OBJECT_CONVERSION = YES_AGGRESSIVE;
				CLANG_CXX_LANGUAGE_STANDARD = "gnu++14";
				CLANG_CXX_LIBRARY = "libc++";
				CLANG_ENABLE_MODULES = YES;
				CLANG_ENABLE_OBJC_ARC = YES;
				CLANG_ENABLE_OBJC_WEAK = YES;
				CLANG_WARN_BLOCK_CAPTURE_AUTORELEASING = YES;
				CLANG_WARN_BOOL_CONVERSION = YES;
				CLANG_WARN_COMMA = YES;
				CLANG_WARN_CONSTANT_CONVERSION = YES;
				CLANG_WARN_DEPRECATED_OBJC_IMPLEMENTATIONS = YES;
				CLANG_WARN_DIRECT_OBJC_ISA_USAGE = YES_ERROR;
				CLANG_WARN_DOCUMENTATION_COMMENTS = YES;
				CLANG_WARN_EMPTY_BODY = YES;
				CLANG_WARN_ENUM_CONVERSION = YES;
				CLANG_WARN_INFINITE_RECURSION = YES;
				CLANG_WARN_INT_CONVERSION = YES;
				CLANG_WARN_NON_LITERAL_NULL_CONVERSION = YES;
				CLANG_WARN_OBJC_IMPLICIT_RETAIN_SELF = YES;
				CLANG_WARN_OBJC_LITERAL_CONVERSION = YES;
				CLANG_WARN_OBJC_ROOT_CLASS = YES_ERROR;
				CLANG_WARN_RANGE_LOOP_ANALYSIS = YES;
				CLANG_WARN_STRICT_PROTOTYPES = YES;
				CLANG_WARN_SUSPICIOUS_MOVE = YES;
				CLANG_WARN_UNGUARDED_AVAILABILITY = YES_AGGRESSIVE;
				CLANG_WARN_UNREACHABLE_CODE = YES;
				CLANG_WARN__DUPLICATE_METHOD_MATCH = YES;
				CODE_SIGN_IDENTITY = "iPhone Developer";
				COPY_PHASE_STRIP = NO;
				DEBUG_INFORMATION_FORMAT = "dwarf-with-dsym";
				ENABLE_NS_ASSERTIONS = NO;
				ENABLE_STRICT_OBJC_MSGSEND = YES;
				GCC_C_LANGUAGE_STANDARD = gnu11;
				GCC_NO_COMMON_BLOCKS = YES;
				GCC_WARN_64_TO_32_BIT_CONVERSION = YES;
				GCC_WARN_ABOUT_RETURN_TYPE = YES_ERROR;
				GCC_WARN_UNDECLARED_SELECTOR = YES;
				GCC_WARN_UNINITIALIZED_AUTOS = YES_AGGRESSIVE;
				GCC_WARN_UNUSED_FUNCTION = YES;
				GCC_WARN_UNUSED_VARIABLE = YES;
				IPHONEOS_DEPLOYMENT_TARGET = 9.0;
				MTL_ENABLE_DEBUG_INFO = NO;
				MTL_FAST_MATH = YES;
				SDKROOT = iphoneos;
				SWIFT_COMPILATION_MODE = wholemodule;
				SWIFT_OPTIMIZATION_LEVEL = "-O";
				VALIDATE_PRODUCT = YES;
			};
			name = Release;
		};
		60CB29E8228CC548000E711A /* Debug */ = {
			isa = XCBuildConfiguration;
			baseConfigurationReference = 00E8EA5F7CB6E3E649DCFF22 /* Pods-Swiftygram Example iOS.debug.xcconfig */;
			buildSettings = {
				ASSETCATALOG_COMPILER_APPICON_NAME = AppIcon;
				CODE_SIGN_STYLE = Automatic;
				DEVELOPMENT_TEAM = Q78J22N7UT;
				FRAMEWORK_SEARCH_PATHS = "$(inherited)";
				INFOPLIST_FILE = "Swiftygram Example iOS/Info.plist";
				IPHONEOS_DEPLOYMENT_TARGET = 9.0;
				LD_RUNPATH_SEARCH_PATHS = (
					"$(inherited)",
					"@executable_path/Frameworks",
				);
				PRODUCT_BUNDLE_IDENTIFIER = "ua.ky1vstar.Swiftygram-Example";
				PRODUCT_NAME = "$(TARGET_NAME)";
				SWIFT_VERSION = 4.2;
				TARGETED_DEVICE_FAMILY = "1,2";
			};
			name = Debug;
		};
		60CB29E9228CC548000E711A /* Release */ = {
			isa = XCBuildConfiguration;
			baseConfigurationReference = B8EE3C276F722EEE928663FD /* Pods-Swiftygram Example iOS.release.xcconfig */;
			buildSettings = {
				ASSETCATALOG_COMPILER_APPICON_NAME = AppIcon;
				CODE_SIGN_STYLE = Automatic;
				DEVELOPMENT_TEAM = Q78J22N7UT;
				FRAMEWORK_SEARCH_PATHS = "$(inherited)";
				INFOPLIST_FILE = "Swiftygram Example iOS/Info.plist";
				IPHONEOS_DEPLOYMENT_TARGET = 9.0;
				LD_RUNPATH_SEARCH_PATHS = (
					"$(inherited)",
					"@executable_path/Frameworks",
				);
				PRODUCT_BUNDLE_IDENTIFIER = "ua.ky1vstar.Swiftygram-Example";
				PRODUCT_NAME = "$(TARGET_NAME)";
				SWIFT_VERSION = 4.2;
				TARGETED_DEVICE_FAMILY = "1,2";
			};
			name = Release;
		};
/* End XCBuildConfiguration section */

/* Begin XCConfigurationList section */
		3063F39C22EEDAAC0084AFDF /* Build configuration list for PBXNativeTarget "Swiftygram Example macOS" */ = {
			isa = XCConfigurationList;
			buildConfigurations = (
				3063F39D22EEDAAC0084AFDF /* Debug */,
				3063F39E22EEDAAC0084AFDF /* Release */,
			);
			defaultConfigurationIsVisible = 0;
			defaultConfigurationName = Release;
		};
		60CB29D0228CC548000E711A /* Build configuration list for PBXProject "Swiftygram Example" */ = {
			isa = XCConfigurationList;
			buildConfigurations = (
				60CB29E5228CC548000E711A /* Debug */,
				60CB29E6228CC548000E711A /* Release */,
			);
			defaultConfigurationIsVisible = 0;
			defaultConfigurationName = Release;
		};
		60CB29E7228CC548000E711A /* Build configuration list for PBXNativeTarget "Swiftygram Example iOS" */ = {
			isa = XCConfigurationList;
			buildConfigurations = (
				60CB29E8228CC548000E711A /* Debug */,
				60CB29E9228CC548000E711A /* Release */,
			);
			defaultConfigurationIsVisible = 0;
			defaultConfigurationName = Release;
		};
/* End XCConfigurationList section */
	};
	rootObject = 60CB29CD228CC548000E711A /* Project object */;
}
